// !$*UTF8*$!
{
	archiveVersion = 1;
	classes = {
	};
	objectVersion = 77;
	objects = {

/* Begin PBXBuildFile section */
		33034FF32D4D409A007BAA25 /* ChatScreen.swift in Sources */ = {isa = PBXBuildFile; fileRef = 33034FF22D4D408C007BAA25 /* ChatScreen.swift */; };
		337B44CC2D41564600B06836 /* Preview Assets.xcassets in Resources */ = {isa = PBXBuildFile; fileRef = 337B44BC2D41564600B06836 /* Preview Assets.xcassets */; };
		337B44CD2D41564600B06836 /* Assets.xcassets in Resources */ = {isa = PBXBuildFile; fileRef = 337B44BE2D41564600B06836 /* Assets.xcassets */; };
		337B44CF2D41564600B06836 /* ContentView.swift in Sources */ = {isa = PBXBuildFile; fileRef = 337B44BF2D41564600B06836 /* ContentView.swift */; };
		337B44D12D41564600B06836 /* GPT3App.swift in Sources */ = {isa = PBXBuildFile; fileRef = 337B44C12D41564600B06836 /* GPT3App.swift */; };
		337B44D22D41564600B06836 /* MainScreen.swift in Sources */ = {isa = PBXBuildFile; fileRef = 337B44C32D41564600B06836 /* MainScreen.swift */; };
		337B44D72D41564600B06836 /* PaywallFullAccessScreen.swift in Sources */ = {isa = PBXBuildFile; fileRef = 337B44C82D41564600B06836 /* PaywallFullAccessScreen.swift */; };
		337B44D82D41564600B06836 /* PaywallGetFullAccess.swift in Sources */ = {isa = PBXBuildFile; fileRef = 337B44C92D41564600B06836 /* PaywallGetFullAccess.swift */; };
		337B44D92D41564600B06836 /* PaywallSaleScreen.swift in Sources */ = {isa = PBXBuildFile; fileRef = 337B44CA2D41564600B06836 /* PaywallSaleScreen.swift */; };
		337B44DD2D41567700B06836 /* MainButton.swift in Sources */ = {isa = PBXBuildFile; fileRef = 337B44DC2D41566900B06836 /* MainButton.swift */; };
		337B44FD2D4168D300B06836 /* ComposableArchitecture in Frameworks */ = {isa = PBXBuildFile; productRef = 337B44FC2D4168D300B06836 /* ComposableArchitecture */; };
		33A11CAC2D425CE70009A287 /* BackCrossButton.swift in Sources */ = {isa = PBXBuildFile; fileRef = 33A11CAB2D425CD70009A287 /* BackCrossButton.swift */; };
		33A11CB02D4261300009A287 /* BottomButtons.swift in Sources */ = {isa = PBXBuildFile; fileRef = 33A11CAF2D4261180009A287 /* BottomButtons.swift */; };
		33A11CBF2D43CF180009A287 /* Onboarding.swift in Sources */ = {isa = PBXBuildFile; fileRef = 33A11CBE2D43CEF80009A287 /* Onboarding.swift */; };
		33C1D9642D466C3100D5D99C /* SettingButton.swift in Sources */ = {isa = PBXBuildFile; fileRef = 33C1D9632D466C2500D5D99C /* SettingButton.swift */; };
		33C1D9662D46717700D5D99C /* SettingScreen.swift in Sources */ = {isa = PBXBuildFile; fileRef = 33C1D9652D46717000D5D99C /* SettingScreen.swift */; };
		33C1D9682D46721200D5D99C /* ScrollButtons.swift in Sources */ = {isa = PBXBuildFile; fileRef = 33C1D9672D46720800D5D99C /* ScrollButtons.swift */; };
		33C1D96A2D4675B300D5D99C /* BackSettingButton.swift in Sources */ = {isa = PBXBuildFile; fileRef = 33C1D9692D46755000D5D99C /* BackSettingButton.swift */; };
		33C1D9702D46922000D5D99C /* SettingChatButton.swift in Sources */ = {isa = PBXBuildFile; fileRef = 33C1D96F2D4691ED00D5D99C /* SettingChatButton.swift */; };
		33C1D9722D46971D00D5D99C /* SettingBottomButtons.swift in Sources */ = {isa = PBXBuildFile; fileRef = 33C1D9712D46970300D5D99C /* SettingBottomButtons.swift */; };
/* End PBXBuildFile section */

/* Begin PBXContainerItemProxy section */
		337B440E2D3BD4F800B06836 /* PBXContainerItemProxy */ = {
			isa = PBXContainerItemProxy;
			containerPortal = 337B43F52D3BD4F700B06836 /* Project object */;
			proxyType = 1;
			remoteGlobalIDString = 337B43FC2D3BD4F700B06836;
			remoteInfo = GPT3;
		};
		337B44182D3BD4F800B06836 /* PBXContainerItemProxy */ = {
			isa = PBXContainerItemProxy;
			containerPortal = 337B43F52D3BD4F700B06836 /* Project object */;
			proxyType = 1;
			remoteGlobalIDString = 337B43FC2D3BD4F700B06836;
			remoteInfo = GPT3;
		};
/* End PBXContainerItemProxy section */

/* Begin PBXFileReference section */
		33034FF22D4D408C007BAA25 /* ChatScreen.swift */ = {isa = PBXFileReference; lastKnownFileType = sourcecode.swift; path = ChatScreen.swift; sourceTree = "<group>"; };
		337B43FD2D3BD4F700B06836 /* GPT3.app */ = {isa = PBXFileReference; explicitFileType = wrapper.application; includeInIndex = 0; path = GPT3.app; sourceTree = BUILT_PRODUCTS_DIR; };
		337B440D2D3BD4F800B06836 /* GPT3Tests.xctest */ = {isa = PBXFileReference; explicitFileType = wrapper.cfbundle; includeInIndex = 0; path = GPT3Tests.xctest; sourceTree = BUILT_PRODUCTS_DIR; };
		337B44172D3BD4F800B06836 /* GPT3UITests.xctest */ = {isa = PBXFileReference; explicitFileType = wrapper.cfbundle; includeInIndex = 0; path = GPT3UITests.xctest; sourceTree = BUILT_PRODUCTS_DIR; };
		337B44BC2D41564600B06836 /* Preview Assets.xcassets */ = {isa = PBXFileReference; lastKnownFileType = folder.assetcatalog; path = "Preview Assets.xcassets"; sourceTree = "<group>"; };
		337B44BE2D41564600B06836 /* Assets.xcassets */ = {isa = PBXFileReference; lastKnownFileType = folder.assetcatalog; path = Assets.xcassets; sourceTree = "<group>"; };
		337B44BF2D41564600B06836 /* ContentView.swift */ = {isa = PBXFileReference; lastKnownFileType = sourcecode.swift; path = ContentView.swift; sourceTree = "<group>"; };
		337B44C12D41564600B06836 /* GPT3App.swift */ = {isa = PBXFileReference; lastKnownFileType = sourcecode.swift; path = GPT3App.swift; sourceTree = "<group>"; };
		337B44C22D41564600B06836 /* Info.plist */ = {isa = PBXFileReference; lastKnownFileType = text.plist.xml; path = Info.plist; sourceTree = "<group>"; };
		337B44C32D41564600B06836 /* MainScreen.swift */ = {isa = PBXFileReference; lastKnownFileType = sourcecode.swift; path = MainScreen.swift; sourceTree = "<group>"; };
		337B44C82D41564600B06836 /* PaywallFullAccessScreen.swift */ = {isa = PBXFileReference; lastKnownFileType = sourcecode.swift; path = PaywallFullAccessScreen.swift; sourceTree = "<group>"; };
		337B44C92D41564600B06836 /* PaywallGetFullAccess.swift */ = {isa = PBXFileReference; lastKnownFileType = sourcecode.swift; path = PaywallGetFullAccess.swift; sourceTree = "<group>"; };
		337B44CA2D41564600B06836 /* PaywallSaleScreen.swift */ = {isa = PBXFileReference; lastKnownFileType = sourcecode.swift; path = PaywallSaleScreen.swift; sourceTree = "<group>"; };
		337B44DC2D41566900B06836 /* MainButton.swift */ = {isa = PBXFileReference; lastKnownFileType = sourcecode.swift; path = MainButton.swift; sourceTree = "<group>"; };
		33A11CAB2D425CD70009A287 /* BackCrossButton.swift */ = {isa = PBXFileReference; lastKnownFileType = sourcecode.swift; path = BackCrossButton.swift; sourceTree = "<group>"; };
		33A11CAF2D4261180009A287 /* BottomButtons.swift */ = {isa = PBXFileReference; lastKnownFileType = sourcecode.swift; path = BottomButtons.swift; sourceTree = "<group>"; };
		33A11CBE2D43CEF80009A287 /* Onboarding.swift */ = {isa = PBXFileReference; lastKnownFileType = sourcecode.swift; path = Onboarding.swift; sourceTree = "<group>"; };
		33C1D9632D466C2500D5D99C /* SettingButton.swift */ = {isa = PBXFileReference; lastKnownFileType = sourcecode.swift; path = SettingButton.swift; sourceTree = "<group>"; };
		33C1D9652D46717000D5D99C /* SettingScreen.swift */ = {isa = PBXFileReference; lastKnownFileType = sourcecode.swift; path = SettingScreen.swift; sourceTree = "<group>"; };
		33C1D9672D46720800D5D99C /* ScrollButtons.swift */ = {isa = PBXFileReference; lastKnownFileType = sourcecode.swift; path = ScrollButtons.swift; sourceTree = "<group>"; };
		33C1D9692D46755000D5D99C /* BackSettingButton.swift */ = {isa = PBXFileReference; lastKnownFileType = sourcecode.swift; path = BackSettingButton.swift; sourceTree = "<group>"; };
		33C1D96F2D4691ED00D5D99C /* SettingChatButton.swift */ = {isa = PBXFileReference; lastKnownFileType = sourcecode.swift; path = SettingChatButton.swift; sourceTree = "<group>"; };
		33C1D9712D46970300D5D99C /* SettingBottomButtons.swift */ = {isa = PBXFileReference; lastKnownFileType = sourcecode.swift; path = SettingBottomButtons.swift; sourceTree = "<group>"; };
/* End PBXFileReference section */

/* Begin PBXFileSystemSynchronizedRootGroup section */
		337B44102D3BD4F800B06836 /* GPT3Tests */ = {
			isa = PBXFileSystemSynchronizedRootGroup;
			path = GPT3Tests;
			sourceTree = "<group>";
		};
		337B441A2D3BD4F800B06836 /* GPT3UITests */ = {
			isa = PBXFileSystemSynchronizedRootGroup;
			path = GPT3UITests;
			sourceTree = "<group>";
		};
/* End PBXFileSystemSynchronizedRootGroup section */

/* Begin PBXFrameworksBuildPhase section */
		337B43FA2D3BD4F700B06836 /* Frameworks */ = {
			isa = PBXFrameworksBuildPhase;
			buildActionMask = 2147483647;
			files = (
				337B44FD2D4168D300B06836 /* ComposableArchitecture in Frameworks */,
			);
			runOnlyForDeploymentPostprocessing = 0;
		};
		337B440A2D3BD4F800B06836 /* Frameworks */ = {
			isa = PBXFrameworksBuildPhase;
			buildActionMask = 2147483647;
			files = (
			);
			runOnlyForDeploymentPostprocessing = 0;
		};
		337B44142D3BD4F800B06836 /* Frameworks */ = {
			isa = PBXFrameworksBuildPhase;
			buildActionMask = 2147483647;
			files = (
			);
			runOnlyForDeploymentPostprocessing = 0;
		};
/* End PBXFrameworksBuildPhase section */

/* Begin PBXGroup section */
		33034FF12D4D407F007BAA25 /* ChatScreen */ = {
			isa = PBXGroup;
			children = (
				33034FF22D4D408C007BAA25 /* ChatScreen.swift */,
			);
			path = ChatScreen;
			sourceTree = "<group>";
		};
		337B43F42D3BD4F700B06836 = {
			isa = PBXGroup;
			children = (
				337B44CB2D41564600B06836 /* GPT3 */,
				337B44102D3BD4F800B06836 /* GPT3Tests */,
				337B441A2D3BD4F800B06836 /* GPT3UITests */,
				337B44FB2D4168D300B06836 /* Frameworks */,
				337B43FE2D3BD4F700B06836 /* Products */,
			);
			sourceTree = "<group>";
		};
		337B43FE2D3BD4F700B06836 /* Products */ = {
			isa = PBXGroup;
			children = (
				337B43FD2D3BD4F700B06836 /* GPT3.app */,
				337B440D2D3BD4F800B06836 /* GPT3Tests.xctest */,
				337B44172D3BD4F800B06836 /* GPT3UITests.xctest */,
			);
			name = Products;
			sourceTree = "<group>";
		};
		337B44BD2D41564600B06836 /* Preview Content */ = {
			isa = PBXGroup;
			children = (
				337B44BC2D41564600B06836 /* Preview Assets.xcassets */,
			);
			path = "Preview Content";
			sourceTree = "<group>";
		};
		337B44CB2D41564600B06836 /* GPT3 */ = {
			isa = PBXGroup;
			children = (
				33C1D96E2D467CFA00D5D99C /* Screens */,
				337B44DA2D41564A00B06836 /* Views */,
				337B44BD2D41564600B06836 /* Preview Content */,
				337B44BE2D41564600B06836 /* Assets.xcassets */,
				337B44BF2D41564600B06836 /* ContentView.swift */,
				337B44C12D41564600B06836 /* GPT3App.swift */,
				337B44C22D41564600B06836 /* Info.plist */,
			);
			path = GPT3;
			sourceTree = "<group>";
		};
		337B44DA2D41564A00B06836 /* Views */ = {
			isa = PBXGroup;
			children = (
				33D599C72D50F756001CF328 /* Buttons */,
			);
			path = Views;
			sourceTree = "<group>";
		};
		337B44FB2D4168D300B06836 /* Frameworks */ = {
			isa = PBXGroup;
			children = (
			);
			name = Frameworks;
			sourceTree = "<group>";
		};
		33A11CB22D439E740009A287 /* OnboardingScreens */ = {
			isa = PBXGroup;
			children = (
				33A11CBE2D43CEF80009A287 /* Onboarding.swift */,
			);
			path = OnboardingScreens;
			sourceTree = "<group>";
		};
		33A11CB32D439E930009A287 /* PaywallScreens */ = {
			isa = PBXGroup;
			children = (
				337B44C82D41564600B06836 /* PaywallFullAccessScreen.swift */,
				337B44C92D41564600B06836 /* PaywallGetFullAccess.swift */,
				337B44CA2D41564600B06836 /* PaywallSaleScreen.swift */,
			);
			path = PaywallScreens;
			sourceTree = "<group>";
		};
		33C1D96B2D467CC000D5D99C /* MainScreen */ = {
			isa = PBXGroup;
			children = (
				337B44C32D41564600B06836 /* MainScreen.swift */,
			);
			path = MainScreen;
			sourceTree = "<group>";
		};
		33C1D96D2D467CE200D5D99C /* SettingScreen */ = {
			isa = PBXGroup;
			children = (
				33C1D9652D46717000D5D99C /* SettingScreen.swift */,
			);
			path = SettingScreen;
			sourceTree = "<group>";
		};
		33C1D96E2D467CFA00D5D99C /* Screens */ = {
			isa = PBXGroup;
			children = (
				33034FF12D4D407F007BAA25 /* ChatScreen */,
				33C1D96D2D467CE200D5D99C /* SettingScreen */,
				33C1D96B2D467CC000D5D99C /* MainScreen */,
				33A11CB32D439E930009A287 /* PaywallScreens */,
				33A11CB22D439E740009A287 /* OnboardingScreens */,
			);
			path = Screens;
			sourceTree = "<group>";
		};
		33D599C72D50F756001CF328 /* Buttons */ = {
			isa = PBXGroup;
			children = (
				337B44DC2D41566900B06836 /* MainButton.swift */,
				33C1D9712D46970300D5D99C /* SettingBottomButtons.swift */,
				33C1D96F2D4691ED00D5D99C /* SettingChatButton.swift */,
				33C1D9692D46755000D5D99C /* BackSettingButton.swift */,
				33C1D9672D46720800D5D99C /* ScrollButtons.swift */,
				33C1D9632D466C2500D5D99C /* SettingButton.swift */,
				33A11CAF2D4261180009A287 /* BottomButtons.swift */,
				33A11CAB2D425CD70009A287 /* BackCrossButton.swift */,
			);
			path = Buttons;
			sourceTree = "<group>";
		};
/* End PBXGroup section */

/* Begin PBXNativeTarget section */
		337B43FC2D3BD4F700B06836 /* GPT3 */ = {
			isa = PBXNativeTarget;
			buildConfigurationList = 337B44212D3BD4F800B06836 /* Build configuration list for PBXNativeTarget "GPT3" */;
			buildPhases = (
				337B43F92D3BD4F700B06836 /* Sources */,
				337B43FA2D3BD4F700B06836 /* Frameworks */,
				337B43FB2D3BD4F700B06836 /* Resources */,
			);
			buildRules = (
			);
			dependencies = (
			);
			name = GPT3;
			packageProductDependencies = (
				337B44FC2D4168D300B06836 /* ComposableArchitecture */,
			);
			productName = GPT3;
			productReference = 337B43FD2D3BD4F700B06836 /* GPT3.app */;
			productType = "com.apple.product-type.application";
		};
		337B440C2D3BD4F800B06836 /* GPT3Tests */ = {
			isa = PBXNativeTarget;
			buildConfigurationList = 337B44242D3BD4F800B06836 /* Build configuration list for PBXNativeTarget "GPT3Tests" */;
			buildPhases = (
				337B44092D3BD4F800B06836 /* Sources */,
				337B440A2D3BD4F800B06836 /* Frameworks */,
				337B440B2D3BD4F800B06836 /* Resources */,
			);
			buildRules = (
			);
			dependencies = (
				337B440F2D3BD4F800B06836 /* PBXTargetDependency */,
			);
			fileSystemSynchronizedGroups = (
				337B44102D3BD4F800B06836 /* GPT3Tests */,
			);
			name = GPT3Tests;
			packageProductDependencies = (
			);
			productName = GPT3Tests;
			productReference = 337B440D2D3BD4F800B06836 /* GPT3Tests.xctest */;
			productType = "com.apple.product-type.bundle.unit-test";
		};
		337B44162D3BD4F800B06836 /* GPT3UITests */ = {
			isa = PBXNativeTarget;
			buildConfigurationList = 337B44272D3BD4F800B06836 /* Build configuration list for PBXNativeTarget "GPT3UITests" */;
			buildPhases = (
				337B44132D3BD4F800B06836 /* Sources */,
				337B44142D3BD4F800B06836 /* Frameworks */,
				337B44152D3BD4F800B06836 /* Resources */,
			);
			buildRules = (
			);
			dependencies = (
				337B44192D3BD4F800B06836 /* PBXTargetDependency */,
			);
			fileSystemSynchronizedGroups = (
				337B441A2D3BD4F800B06836 /* GPT3UITests */,
			);
			name = GPT3UITests;
			packageProductDependencies = (
			);
			productName = GPT3UITests;
			productReference = 337B44172D3BD4F800B06836 /* GPT3UITests.xctest */;
			productType = "com.apple.product-type.bundle.ui-testing";
		};
/* End PBXNativeTarget section */

/* Begin PBXProject section */
		337B43F52D3BD4F700B06836 /* Project object */ = {
			isa = PBXProject;
			attributes = {
				BuildIndependentTargetsInParallel = 1;
				LastSwiftUpdateCheck = 1620;
				LastUpgradeCheck = 1620;
				TargetAttributes = {
					337B43FC2D3BD4F700B06836 = {
						CreatedOnToolsVersion = 16.2;
					};
					337B440C2D3BD4F800B06836 = {
						CreatedOnToolsVersion = 16.2;
						TestTargetID = 337B43FC2D3BD4F700B06836;
					};
					337B44162D3BD4F800B06836 = {
						CreatedOnToolsVersion = 16.2;
						TestTargetID = 337B43FC2D3BD4F700B06836;
					};
				};
			};
			buildConfigurationList = 337B43F82D3BD4F700B06836 /* Build configuration list for PBXProject "GPT3" */;
			developmentRegion = en;
			hasScannedForEncodings = 0;
			knownRegions = (
				en,
				Base,
			);
			mainGroup = 337B43F42D3BD4F700B06836;
			minimizedProjectReferenceProxies = 1;
			packageReferences = (
				337B44622D414C4100B06836 /* XCRemoteSwiftPackageReference "swift-composable-architecture" */,
			);
			preferredProjectObjectVersion = 77;
			productRefGroup = 337B43FE2D3BD4F700B06836 /* Products */;
			projectDirPath = "";
			projectRoot = "";
			targets = (
				337B43FC2D3BD4F700B06836 /* GPT3 */,
				337B440C2D3BD4F800B06836 /* GPT3Tests */,
				337B44162D3BD4F800B06836 /* GPT3UITests */,
			);
		};
/* End PBXProject section */

/* Begin PBXResourcesBuildPhase section */
		337B43FB2D3BD4F700B06836 /* Resources */ = {
			isa = PBXResourcesBuildPhase;
			buildActionMask = 2147483647;
			files = (
				337B44CC2D41564600B06836 /* Preview Assets.xcassets in Resources */,
				337B44CD2D41564600B06836 /* Assets.xcassets in Resources */,
			);
			runOnlyForDeploymentPostprocessing = 0;
		};
		337B440B2D3BD4F800B06836 /* Resources */ = {
			isa = PBXResourcesBuildPhase;
			buildActionMask = 2147483647;
			files = (
			);
			runOnlyForDeploymentPostprocessing = 0;
		};
		337B44152D3BD4F800B06836 /* Resources */ = {
			isa = PBXResourcesBuildPhase;
			buildActionMask = 2147483647;
			files = (
			);
			runOnlyForDeploymentPostprocessing = 0;
		};
/* End PBXResourcesBuildPhase section */

/* Begin PBXSourcesBuildPhase section */
		337B43F92D3BD4F700B06836 /* Sources */ = {
			isa = PBXSourcesBuildPhase;
			buildActionMask = 2147483647;
			files = (
				337B44CF2D41564600B06836 /* ContentView.swift in Sources */,
				33C1D96A2D4675B300D5D99C /* BackSettingButton.swift in Sources */,
				337B44D12D41564600B06836 /* GPT3App.swift in Sources */,
				337B44D22D41564600B06836 /* MainScreen.swift in Sources */,
				33A11CB02D4261300009A287 /* BottomButtons.swift in Sources */,
				33A11CAC2D425CE70009A287 /* BackCrossButton.swift in Sources */,
				33034FF32D4D409A007BAA25 /* ChatScreen.swift in Sources */,
				33C1D9722D46971D00D5D99C /* SettingBottomButtons.swift in Sources */,
				337B44DD2D41567700B06836 /* MainButton.swift in Sources */,
				33C1D9662D46717700D5D99C /* SettingScreen.swift in Sources */,
				337B44D72D41564600B06836 /* PaywallFullAccessScreen.swift in Sources */,
				33C1D9642D466C3100D5D99C /* SettingButton.swift in Sources */,
				33C1D9682D46721200D5D99C /* ScrollButtons.swift in Sources */,
				33C1D9702D46922000D5D99C /* SettingChatButton.swift in Sources */,
				33A11CBF2D43CF180009A287 /* Onboarding.swift in Sources */,
				337B44D82D41564600B06836 /* PaywallGetFullAccess.swift in Sources */,
				337B44D92D41564600B06836 /* PaywallSaleScreen.swift in Sources */,
			);
			runOnlyForDeploymentPostprocessing = 0;
		};
		337B44092D3BD4F800B06836 /* Sources */ = {
			isa = PBXSourcesBuildPhase;
			buildActionMask = 2147483647;
			files = (
			);
			runOnlyForDeploymentPostprocessing = 0;
		};
		337B44132D3BD4F800B06836 /* Sources */ = {
			isa = PBXSourcesBuildPhase;
			buildActionMask = 2147483647;
			files = (
			);
			runOnlyForDeploymentPostprocessing = 0;
		};
/* End PBXSourcesBuildPhase section */

/* Begin PBXTargetDependency section */
		337B440F2D3BD4F800B06836 /* PBXTargetDependency */ = {
			isa = PBXTargetDependency;
			target = 337B43FC2D3BD4F700B06836 /* GPT3 */;
			targetProxy = 337B440E2D3BD4F800B06836 /* PBXContainerItemProxy */;
		};
		337B44192D3BD4F800B06836 /* PBXTargetDependency */ = {
			isa = PBXTargetDependency;
			target = 337B43FC2D3BD4F700B06836 /* GPT3 */;
			targetProxy = 337B44182D3BD4F800B06836 /* PBXContainerItemProxy */;
		};
/* End PBXTargetDependency section */

/* Begin XCBuildConfiguration section */
		337B441F2D3BD4F800B06836 /* Debug */ = {
			isa = XCBuildConfiguration;
			buildSettings = {
				ALWAYS_SEARCH_USER_PATHS = NO;
				ASSETCATALOG_COMPILER_GENERATE_SWIFT_ASSET_SYMBOL_EXTENSIONS = YES;
				CLANG_ANALYZER_NONNULL = YES;
				CLANG_ANALYZER_NUMBER_OBJECT_CONVERSION = YES_AGGRESSIVE;
				CLANG_CXX_LANGUAGE_STANDARD = "gnu++20";
				CLANG_ENABLE_MODULES = YES;
				CLANG_ENABLE_OBJC_ARC = YES;
				CLANG_ENABLE_OBJC_WEAK = YES;
				CLANG_WARN_BLOCK_CAPTURE_AUTORELEASING = YES;
				CLANG_WARN_BOOL_CONVERSION = YES;
				CLANG_WARN_COMMA = YES;
				CLANG_WARN_CONSTANT_CONVERSION = YES;
				CLANG_WARN_DEPRECATED_OBJC_IMPLEMENTATIONS = YES;
				CLANG_WARN_DIRECT_OBJC_ISA_USAGE = YES_ERROR;
				CLANG_WARN_DOCUMENTATION_COMMENTS = YES;
				CLANG_WARN_EMPTY_BODY = YES;
				CLANG_WARN_ENUM_CONVERSION = YES;
				CLANG_WARN_INFINITE_RECURSION = YES;
				CLANG_WARN_INT_CONVERSION = YES;
				CLANG_WARN_NON_LITERAL_NULL_CONVERSION = YES;
				CLANG_WARN_OBJC_IMPLICIT_RETAIN_SELF = YES;
				CLANG_WARN_OBJC_LITERAL_CONVERSION = YES;
				CLANG_WARN_OBJC_ROOT_CLASS = YES_ERROR;
				CLANG_WARN_QUOTED_INCLUDE_IN_FRAMEWORK_HEADER = YES;
				CLANG_WARN_RANGE_LOOP_ANALYSIS = YES;
				CLANG_WARN_STRICT_PROTOTYPES = YES;
				CLANG_WARN_SUSPICIOUS_MOVE = YES;
				CLANG_WARN_UNGUARDED_AVAILABILITY = YES_AGGRESSIVE;
				CLANG_WARN_UNREACHABLE_CODE = YES;
				CLANG_WARN__DUPLICATE_METHOD_MATCH = YES;
				COPY_PHASE_STRIP = NO;
				DEBUG_INFORMATION_FORMAT = dwarf;
				ENABLE_STRICT_OBJC_MSGSEND = YES;
				ENABLE_TESTABILITY = YES;
				ENABLE_USER_SCRIPT_SANDBOXING = YES;
				GCC_C_LANGUAGE_STANDARD = gnu17;
				GCC_DYNAMIC_NO_PIC = NO;
				GCC_NO_COMMON_BLOCKS = YES;
				GCC_OPTIMIZATION_LEVEL = 0;
				GCC_PREPROCESSOR_DEFINITIONS = (
					"DEBUG=1",
					"$(inherited)",
				);
				GCC_WARN_64_TO_32_BIT_CONVERSION = YES;
				GCC_WARN_ABOUT_RETURN_TYPE = YES_ERROR;
				GCC_WARN_UNDECLARED_SELECTOR = YES;
				GCC_WARN_UNINITIALIZED_AUTOS = YES_AGGRESSIVE;
				GCC_WARN_UNUSED_FUNCTION = YES;
				GCC_WARN_UNUSED_VARIABLE = YES;
				IPHONEOS_DEPLOYMENT_TARGET = 18.2;
				LOCALIZATION_PREFERS_STRING_CATALOGS = YES;
				MTL_ENABLE_DEBUG_INFO = INCLUDE_SOURCE;
				MTL_FAST_MATH = YES;
				ONLY_ACTIVE_ARCH = YES;
				SDKROOT = iphoneos;
				SWIFT_ACTIVE_COMPILATION_CONDITIONS = "DEBUG $(inherited)";
				SWIFT_OPTIMIZATION_LEVEL = "-Onone";
			};
			name = Debug;
		};
		337B44202D3BD4F800B06836 /* Release */ = {
			isa = XCBuildConfiguration;
			buildSettings = {
				ALWAYS_SEARCH_USER_PATHS = NO;
				ASSETCATALOG_COMPILER_GENERATE_SWIFT_ASSET_SYMBOL_EXTENSIONS = YES;
				CLANG_ANALYZER_NONNULL = YES;
				CLANG_ANALYZER_NUMBER_OBJECT_CONVERSION = YES_AGGRESSIVE;
				CLANG_CXX_LANGUAGE_STANDARD = "gnu++20";
				CLANG_ENABLE_MODULES = YES;
				CLANG_ENABLE_OBJC_ARC = YES;
				CLANG_ENABLE_OBJC_WEAK = YES;
				CLANG_WARN_BLOCK_CAPTURE_AUTORELEASING = YES;
				CLANG_WARN_BOOL_CONVERSION = YES;
				CLANG_WARN_COMMA = YES;
				CLANG_WARN_CONSTANT_CONVERSION = YES;
				CLANG_WARN_DEPRECATED_OBJC_IMPLEMENTATIONS = YES;
				CLANG_WARN_DIRECT_OBJC_ISA_USAGE = YES_ERROR;
				CLANG_WARN_DOCUMENTATION_COMMENTS = YES;
				CLANG_WARN_EMPTY_BODY = YES;
				CLANG_WARN_ENUM_CONVERSION = YES;
				CLANG_WARN_INFINITE_RECURSION = YES;
				CLANG_WARN_INT_CONVERSION = YES;
				CLANG_WARN_NON_LITERAL_NULL_CONVERSION = YES;
				CLANG_WARN_OBJC_IMPLICIT_RETAIN_SELF = YES;
				CLANG_WARN_OBJC_LITERAL_CONVERSION = YES;
				CLANG_WARN_OBJC_ROOT_CLASS = YES_ERROR;
				CLANG_WARN_QUOTED_INCLUDE_IN_FRAMEWORK_HEADER = YES;
				CLANG_WARN_RANGE_LOOP_ANALYSIS = YES;
				CLANG_WARN_STRICT_PROTOTYPES = YES;
				CLANG_WARN_SUSPICIOUS_MOVE = YES;
				CLANG_WARN_UNGUARDED_AVAILABILITY = YES_AGGRESSIVE;
				CLANG_WARN_UNREACHABLE_CODE = YES;
				CLANG_WARN__DUPLICATE_METHOD_MATCH = YES;
				COPY_PHASE_STRIP = NO;
				DEBUG_INFORMATION_FORMAT = "dwarf-with-dsym";
				ENABLE_NS_ASSERTIONS = NO;
				ENABLE_STRICT_OBJC_MSGSEND = YES;
				ENABLE_USER_SCRIPT_SANDBOXING = YES;
				GCC_C_LANGUAGE_STANDARD = gnu17;
				GCC_NO_COMMON_BLOCKS = YES;
				GCC_WARN_64_TO_32_BIT_CONVERSION = YES;
				GCC_WARN_ABOUT_RETURN_TYPE = YES_ERROR;
				GCC_WARN_UNDECLARED_SELECTOR = YES;
				GCC_WARN_UNINITIALIZED_AUTOS = YES_AGGRESSIVE;
				GCC_WARN_UNUSED_FUNCTION = YES;
				GCC_WARN_UNUSED_VARIABLE = YES;
				IPHONEOS_DEPLOYMENT_TARGET = 18.2;
				LOCALIZATION_PREFERS_STRING_CATALOGS = YES;
				MTL_ENABLE_DEBUG_INFO = NO;
				MTL_FAST_MATH = YES;
				SDKROOT = iphoneos;
				SWIFT_COMPILATION_MODE = wholemodule;
				VALIDATE_PRODUCT = YES;
			};
			name = Release;
		};
		337B44222D3BD4F800B06836 /* Debug */ = {
			isa = XCBuildConfiguration;
			buildSettings = {
				ASSETCATALOG_COMPILER_APPICON_NAME = AppIcon;
				ASSETCATALOG_COMPILER_GLOBAL_ACCENT_COLOR_NAME = AccentColor;
				CODE_SIGN_STYLE = Automatic;
				CURRENT_PROJECT_VERSION = 1;
				DEVELOPMENT_ASSET_PATHS = "\"GPT3/Preview Content\"";
				DEVELOPMENT_TEAM = 78P3HKNKDU;
				ENABLE_PREVIEWS = YES;
				GENERATE_INFOPLIST_FILE = YES;
				INFOPLIST_FILE = GPT3/Info.plist;
				INFOPLIST_KEY_UIApplicationSceneManifest_Generation = YES;
				INFOPLIST_KEY_UIApplicationSupportsIndirectInputEvents = YES;
				INFOPLIST_KEY_UISupportedInterfaceOrientations_iPad = "UIInterfaceOrientationPortrait UIInterfaceOrientationPortraitUpsideDown UIInterfaceOrientationLandscapeLeft UIInterfaceOrientationLandscapeRight";
				INFOPLIST_KEY_UISupportedInterfaceOrientations_iPhone = "UIInterfaceOrientationPortrait UIInterfaceOrientationLandscapeLeft UIInterfaceOrientationLandscapeRight";
				IPHONEOS_DEPLOYMENT_TARGET = 17.0;
				LD_RUNPATH_SEARCH_PATHS = (
					"$(inherited)",
					"@executable_path/Frameworks",
				);
				MARKETING_VERSION = 1.0;
				PRODUCT_BUNDLE_IDENTIFIER = by.KazimirKozulia.GPT3;
				PRODUCT_NAME = "$(TARGET_NAME)";
				SWIFT_EMIT_LOC_STRINGS = YES;
				SWIFT_VERSION = 5.0;
				TARGETED_DEVICE_FAMILY = "1,2";
			};
			name = Debug;
		};
		337B44232D3BD4F800B06836 /* Release */ = {
			isa = XCBuildConfiguration;
			buildSettings = {
				ASSETCATALOG_COMPILER_APPICON_NAME = AppIcon;
				ASSETCATALOG_COMPILER_GLOBAL_ACCENT_COLOR_NAME = AccentColor;
				CODE_SIGN_STYLE = Automatic;
				CURRENT_PROJECT_VERSION = 1;
				DEVELOPMENT_ASSET_PATHS = "\"GPT3/Preview Content\"";
				DEVELOPMENT_TEAM = 78P3HKNKDU;
				ENABLE_PREVIEWS = YES;
				GENERATE_INFOPLIST_FILE = YES;
				INFOPLIST_FILE = GPT3/Info.plist;
				INFOPLIST_KEY_UIApplicationSceneManifest_Generation = YES;
				INFOPLIST_KEY_UIApplicationSupportsIndirectInputEvents = YES;
				INFOPLIST_KEY_UISupportedInterfaceOrientations_iPad = "UIInterfaceOrientationPortrait UIInterfaceOrientationPortraitUpsideDown UIInterfaceOrientationLandscapeLeft UIInterfaceOrientationLandscapeRight";
				INFOPLIST_KEY_UISupportedInterfaceOrientations_iPhone = "UIInterfaceOrientationPortrait UIInterfaceOrientationLandscapeLeft UIInterfaceOrientationLandscapeRight";
				IPHONEOS_DEPLOYMENT_TARGET = 17.0;
				LD_RUNPATH_SEARCH_PATHS = (
					"$(inherited)",
					"@executable_path/Frameworks",
				);
				MARKETING_VERSION = 1.0;
				PRODUCT_BUNDLE_IDENTIFIER = by.KazimirKozulia.GPT3;
				PRODUCT_NAME = "$(TARGET_NAME)";
				SWIFT_EMIT_LOC_STRINGS = YES;
				SWIFT_VERSION = 5.0;
				TARGETED_DEVICE_FAMILY = "1,2";
			};
			name = Release;
		};
		337B44252D3BD4F800B06836 /* Debug */ = {
			isa = XCBuildConfiguration;
			buildSettings = {
				BUNDLE_LOADER = "$(TEST_HOST)";
				CODE_SIGN_STYLE = Automatic;
				CURRENT_PROJECT_VERSION = 1;
				GENERATE_INFOPLIST_FILE = YES;
				IPHONEOS_DEPLOYMENT_TARGET = 18.2;
				MARKETING_VERSION = 1.0;
				PRODUCT_BUNDLE_IDENTIFIER = by.KazimirKozulia.GPT3Tests;
				PRODUCT_NAME = "$(TARGET_NAME)";
				SWIFT_EMIT_LOC_STRINGS = NO;
				SWIFT_VERSION = 5.0;
				TARGETED_DEVICE_FAMILY = "1,2";
				TEST_HOST = "$(BUILT_PRODUCTS_DIR)/GPT3.app/$(BUNDLE_EXECUTABLE_FOLDER_PATH)/GPT3";
			};
			name = Debug;
		};
		337B44262D3BD4F800B06836 /* Release */ = {
			isa = XCBuildConfiguration;
			buildSettings = {
				BUNDLE_LOADER = "$(TEST_HOST)";
				CODE_SIGN_STYLE = Automatic;
				CURRENT_PROJECT_VERSION = 1;
				GENERATE_INFOPLIST_FILE = YES;
				IPHONEOS_DEPLOYMENT_TARGET = 18.2;
				MARKETING_VERSION = 1.0;
				PRODUCT_BUNDLE_IDENTIFIER = by.KazimirKozulia.GPT3Tests;
				PRODUCT_NAME = "$(TARGET_NAME)";
				SWIFT_EMIT_LOC_STRINGS = NO;
				SWIFT_VERSION = 5.0;
				TARGETED_DEVICE_FAMILY = "1,2";
				TEST_HOST = "$(BUILT_PRODUCTS_DIR)/GPT3.app/$(BUNDLE_EXECUTABLE_FOLDER_PATH)/GPT3";
			};
			name = Release;
		};
		337B44282D3BD4F800B06836 /* Debug */ = {
			isa = XCBuildConfiguration;
			buildSettings = {
				CODE_SIGN_STYLE = Automatic;
				CURRENT_PROJECT_VERSION = 1;
				GENERATE_INFOPLIST_FILE = YES;
				MARKETING_VERSION = 1.0;
				PRODUCT_BUNDLE_IDENTIFIER = by.KazimirKozulia.GPT3UITests;
				PRODUCT_NAME = "$(TARGET_NAME)";
				SWIFT_EMIT_LOC_STRINGS = NO;
				SWIFT_VERSION = 5.0;
				TARGETED_DEVICE_FAMILY = "1,2";
				TEST_TARGET_NAME = GPT3;
			};
			name = Debug;
		};
		337B44292D3BD4F800B06836 /* Release */ = {
			isa = XCBuildConfiguration;
			buildSettings = {
				CODE_SIGN_STYLE = Automatic;
				CURRENT_PROJECT_VERSION = 1;
				GENERATE_INFOPLIST_FILE = YES;
				MARKETING_VERSION = 1.0;
				PRODUCT_BUNDLE_IDENTIFIER = by.KazimirKozulia.GPT3UITests;
				PRODUCT_NAME = "$(TARGET_NAME)";
				SWIFT_EMIT_LOC_STRINGS = NO;
				SWIFT_VERSION = 5.0;
				TARGETED_DEVICE_FAMILY = "1,2";
				TEST_TARGET_NAME = GPT3;
			};
			name = Release;
		};
/* End XCBuildConfiguration section */

/* Begin XCConfigurationList section */
		337B43F82D3BD4F700B06836 /* Build configuration list for PBXProject "GPT3" */ = {
			isa = XCConfigurationList;
			buildConfigurations = (
				337B441F2D3BD4F800B06836 /* Debug */,
				337B44202D3BD4F800B06836 /* Release */,
			);
			defaultConfigurationIsVisible = 0;
			defaultConfigurationName = Release;
		};
		337B44212D3BD4F800B06836 /* Build configuration list for PBXNativeTarget "GPT3" */ = {
			isa = XCConfigurationList;
			buildConfigurations = (
				337B44222D3BD4F800B06836 /* Debug */,
				337B44232D3BD4F800B06836 /* Release */,
			);
			defaultConfigurationIsVisible = 0;
			defaultConfigurationName = Release;
		};
		337B44242D3BD4F800B06836 /* Build configuration list for PBXNativeTarget "GPT3Tests" */ = {
			isa = XCConfigurationList;
			buildConfigurations = (
				337B44252D3BD4F800B06836 /* Debug */,
				337B44262D3BD4F800B06836 /* Release */,
			);
			defaultConfigurationIsVisible = 0;
			defaultConfigurationName = Release;
		};
		337B44272D3BD4F800B06836 /* Build configuration list for PBXNativeTarget "GPT3UITests" */ = {
			isa = XCConfigurationList;
			buildConfigurations = (
				337B44282D3BD4F800B06836 /* Debug */,
				337B44292D3BD4F800B06836 /* Release */,
			);
			defaultConfigurationIsVisible = 0;
			defaultConfigurationName = Release;
		};
/* End XCConfigurationList section */

/* Begin XCRemoteSwiftPackageReference section */
		337B44622D414C4100B06836 /* XCRemoteSwiftPackageReference "swift-composable-architecture" */ = {
			isa = XCRemoteSwiftPackageReference;
			repositoryURL = "https://github.com/pointfreeco/swift-composable-architecture";
			requirement = {
				kind = upToNextMajorVersion;
				minimumVersion = 1.17.1;
			};
		};
/* End XCRemoteSwiftPackageReference section */

/* Begin XCSwiftPackageProductDependency section */
		337B44FC2D4168D300B06836 /* ComposableArchitecture */ = {
			isa = XCSwiftPackageProductDependency;
			package = 337B44622D414C4100B06836 /* XCRemoteSwiftPackageReference "swift-composable-architecture" */;
			productName = ComposableArchitecture;
		};
/* End XCSwiftPackageProductDependency section */
	};
	rootObject = 337B43F52D3BD4F700B06836 /* Project object */;
}
