// !$*UTF8*$!
{
	archiveVersion = 1;
	classes = {
	};
	objectVersion = 77;
	objects = {

/* Begin PBXBuildFile section */
		33034FF32D4D409A007BAA25 /* ChatScreen.swift in Sources */ = {isa = PBXBuildFile; fileRef = 33034FF22D4D408C007BAA25 /* ChatScreen.swift */; };
		33603F472D989C790093894D /* GPTNavigation.swift in Sources */ = {isa = PBXBuildFile; fileRef = 33603F462D989C5F0093894D /* GPTNavigation.swift */; };
		33603F4A2D9999700093894D /* LaunchScreen.swift in Sources */ = {isa = PBXBuildFile; fileRef = 33603F492D9999660093894D /* LaunchScreen.swift */; };
		33603F4C2D9D18250093894D /* GeneralPaywallScreen.swift in Sources */ = {isa = PBXBuildFile; fileRef = 33603F4B2D9D18190093894D /* GeneralPaywallScreen.swift */; };
		33603F4F2D9DD38F0093894D /* Lottie in Frameworks */ = {isa = PBXBuildFile; productRef = 33603F4E2D9DD38F0093894D /* Lottie */; };
		33603F512D9DD5620093894D /* GearAnimation.json in Resources */ = {isa = PBXBuildFile; fileRef = 33603F502D9DD5620093894D /* GearAnimation.json */; };
		33603F542DB03A850093894D /* OpenAI in Frameworks */ = {isa = PBXBuildFile; productRef = 33603F532DB03A850093894D /* OpenAI */; };
		33603F562DB03AA30093894D /* ChatService .swift in Sources */ = {isa = PBXBuildFile; fileRef = 33603F552DB03A9B0093894D /* ChatService .swift */; };
		337B44CC2D41564600B06836 /* Preview Assets.xcassets in Resources */ = {isa = PBXBuildFile; fileRef = 337B44BC2D41564600B06836 /* Preview Assets.xcassets */; };
		337B44CD2D41564600B06836 /* Assets.xcassets in Resources */ = {isa = PBXBuildFile; fileRef = 337B44BE2D41564600B06836 /* Assets.xcassets */; };
		337B44CF2D41564600B06836 /* ContentView.swift in Sources */ = {isa = PBXBuildFile; fileRef = 337B44BF2D41564600B06836 /* ContentView.swift */; };
		337B44D12D41564600B06836 /* GPT3App.swift in Sources */ = {isa = PBXBuildFile; fileRef = 337B44C12D41564600B06836 /* GPT3App.swift */; };
		337B44D22D41564600B06836 /* MainScreen.swift in Sources */ = {isa = PBXBuildFile; fileRef = 337B44C32D41564600B06836 /* MainScreen.swift */; };
		337B44D72D41564600B06836 /* IntroductoryPaywallScreen.swift in Sources */ = {isa = PBXBuildFile; fileRef = 337B44C82D41564600B06836 /* IntroductoryPaywallScreen.swift */; };
		337B44D82D41564600B06836 /* PaywallGetFullAccess.swift in Sources */ = {isa = PBXBuildFile; fileRef = 337B44C92D41564600B06836 /* PaywallGetFullAccess.swift */; };
		337B44D92D41564600B06836 /* PaywallSaleScreen.swift in Sources */ = {isa = PBXBuildFile; fileRef = 337B44CA2D41564600B06836 /* PaywallSaleScreen.swift */; };
		337B44DD2D41567700B06836 /* MainButton.swift in Sources */ = {isa = PBXBuildFile; fileRef = 337B44DC2D41566900B06836 /* MainButton.swift */; };
		337B44FD2D4168D300B06836 /* ComposableArchitecture in Frameworks */ = {isa = PBXBuildFile; productRef = 337B44FC2D4168D300B06836 /* ComposableArchitecture */; };
		33A11CAC2D425CE70009A287 /* BackCrossButton.swift in Sources */ = {isa = PBXBuildFile; fileRef = 33A11CAB2D425CD70009A287 /* BackCrossButton.swift */; };
		33A11CB02D4261300009A287 /* BottomButtons.swift in Sources */ = {isa = PBXBuildFile; fileRef = 33A11CAF2D4261180009A287 /* BottomButtons.swift */; };
		33A11CBF2D43CF180009A287 /* Onboarding.swift in Sources */ = {isa = PBXBuildFile; fileRef = 33A11CBE2D43CEF80009A287 /* Onboarding.swift */; };
		33B7C0282D675E2100DBCB87 /* AdaptyKeys.swift in Sources */ = {isa = PBXBuildFile; fileRef = 33B7C0272D675E1400DBCB87 /* AdaptyKeys.swift */; };
		33B7C0312D676DBC00DBCB87 /* Fonts.swift in Sources */ = {isa = PBXBuildFile; fileRef = 33B7C0302D676DBA00DBCB87 /* Fonts.swift */; };
		33B7C0362D678AB700DBCB87 /* Extension.swift in Sources */ = {isa = PBXBuildFile; fileRef = 33B7C0352D678AB100DBCB87 /* Extension.swift */; };
		33B7C0392D678CB300DBCB87 /* Localizable.strings in Resources */ = {isa = PBXBuildFile; fileRef = 33B7C0372D678CB300DBCB87 /* Localizable.strings */; };
		33B7C03E2D709B3800DBCB87 /* FirebaseAnalytics in Frameworks */ = {isa = PBXBuildFile; productRef = 33B7C03D2D709B3800DBCB87 /* FirebaseAnalytics */; };
		33B7C0402D709B3800DBCB87 /* FirebaseCrashlytics in Frameworks */ = {isa = PBXBuildFile; productRef = 33B7C03F2D709B3800DBCB87 /* FirebaseCrashlytics */; };
		33B7C0422D709C1500DBCB87 /* GoogleService-Info.plist in Resources */ = {isa = PBXBuildFile; fileRef = 33B7C0412D709C1500DBCB87 /* GoogleService-Info.plist */; };
		33B7C05D2D70E0F100DBCB87 /* Adapty in Frameworks */ = {isa = PBXBuildFile; productRef = 33B7C05C2D70E0F100DBCB87 /* Adapty */; };
		33B7C0682D749E5300DBCB87 /* AdaptyService.swift in Sources */ = {isa = PBXBuildFile; fileRef = 33B7C0672D749E4600DBCB87 /* AdaptyService.swift */; };
		33B7C06A2D845E8A00DBCB87 /* String.swift in Sources */ = {isa = PBXBuildFile; fileRef = 33B7C0692D845E8400DBCB87 /* String.swift */; };
		33B7C08D2D875BBD00DBCB87 /* Roboto-BoldItalic.ttf in Resources */ = {isa = PBXBuildFile; fileRef = 33B7C0842D875BBD00DBCB87 /* Roboto-BoldItalic.ttf */; };
		33B7C08E2D875BBD00DBCB87 /* Roboto-Italic.ttf in Resources */ = {isa = PBXBuildFile; fileRef = 33B7C0852D875BBD00DBCB87 /* Roboto-Italic.ttf */; };
		33B7C08F2D875BBD00DBCB87 /* Roboto-Light.ttf in Resources */ = {isa = PBXBuildFile; fileRef = 33B7C0862D875BBD00DBCB87 /* Roboto-Light.ttf */; };
		33B7C0902D875BBD00DBCB87 /* Roboto-Medium.ttf in Resources */ = {isa = PBXBuildFile; fileRef = 33B7C0882D875BBD00DBCB87 /* Roboto-Medium.ttf */; };
		33B7C0912D875BBD00DBCB87 /* Roboto-Regular.ttf in Resources */ = {isa = PBXBuildFile; fileRef = 33B7C08A2D875BBD00DBCB87 /* Roboto-Regular.ttf */; };
		33B7C0922D875BBD00DBCB87 /* Roboto-ThinItalic.ttf in Resources */ = {isa = PBXBuildFile; fileRef = 33B7C08C2D875BBD00DBCB87 /* Roboto-ThinItalic.ttf */; };
		33B7C0932D875BBD00DBCB87 /* Roboto-Bold.ttf in Resources */ = {isa = PBXBuildFile; fileRef = 33B7C0832D875BBD00DBCB87 /* Roboto-Bold.ttf */; };
		33B7C0942D875BBD00DBCB87 /* Roboto-LightItalic.ttf in Resources */ = {isa = PBXBuildFile; fileRef = 33B7C0872D875BBD00DBCB87 /* Roboto-LightItalic.ttf */; };
		33B7C0952D875BBD00DBCB87 /* Roboto-Thin.ttf in Resources */ = {isa = PBXBuildFile; fileRef = 33B7C08B2D875BBD00DBCB87 /* Roboto-Thin.ttf */; };
		33B7C0962D875BBD00DBCB87 /* Roboto-Black.ttf in Resources */ = {isa = PBXBuildFile; fileRef = 33B7C0812D875BBD00DBCB87 /* Roboto-Black.ttf */; };
		33B7C0972D875BBD00DBCB87 /* Roboto-BlackItalic.ttf in Resources */ = {isa = PBXBuildFile; fileRef = 33B7C0822D875BBD00DBCB87 /* Roboto-BlackItalic.ttf */; };
		33B7C0982D875BBD00DBCB87 /* Roboto-MediumItalic.ttf in Resources */ = {isa = PBXBuildFile; fileRef = 33B7C0892D875BBD00DBCB87 /* Roboto-MediumItalic.ttf */; };
		33C0C7E42DBEAF5300AD023A /* TapToClaimButton.swift in Sources */ = {isa = PBXBuildFile; fileRef = 33C0C7E32DBEAF3900AD023A /* TapToClaimButton.swift */; };
		33C1D9642D466C3100D5D99C /* SettingButton.swift in Sources */ = {isa = PBXBuildFile; fileRef = 33C1D9632D466C2500D5D99C /* SettingButton.swift */; };
		33C1D9662D46717700D5D99C /* SettingScreen.swift in Sources */ = {isa = PBXBuildFile; fileRef = 33C1D9652D46717000D5D99C /* SettingScreen.swift */; };
		33C1D9682D46721200D5D99C /* ScrollButtons.swift in Sources */ = {isa = PBXBuildFile; fileRef = 33C1D9672D46720800D5D99C /* ScrollButtons.swift */; };
		33C1D96A2D4675B300D5D99C /* BackSettingButton.swift in Sources */ = {isa = PBXBuildFile; fileRef = 33C1D9692D46755000D5D99C /* BackSettingButton.swift */; };
		33C1D9702D46922000D5D99C /* SettingChatButton.swift in Sources */ = {isa = PBXBuildFile; fileRef = 33C1D96F2D4691ED00D5D99C /* SettingChatButton.swift */; };
		33C1D9722D46971D00D5D99C /* SettingBottomButtons.swift in Sources */ = {isa = PBXBuildFile; fileRef = 33C1D9712D46970300D5D99C /* SettingBottomButtons.swift */; };
		33E9CB0E2D5A788600082FFD /* GlobalSettings.swift in Sources */ = {isa = PBXBuildFile; fileRef = 33E9CB0D2D5A787700082FFD /* GlobalSettings.swift */; };
/* End PBXBuildFile section */

/* Begin PBXContainerItemProxy section */
		337B440E2D3BD4F800B06836 /* PBXContainerItemProxy */ = {
			isa = PBXContainerItemProxy;
			containerPortal = 337B43F52D3BD4F700B06836 /* Project object */;
			proxyType = 1;
			remoteGlobalIDString = 337B43FC2D3BD4F700B06836;
			remoteInfo = GPT3;
		};
		337B44182D3BD4F800B06836 /* PBXContainerItemProxy */ = {
			isa = PBXContainerItemProxy;
			containerPortal = 337B43F52D3BD4F700B06836 /* Project object */;
			proxyType = 1;
			remoteGlobalIDString = 337B43FC2D3BD4F700B06836;
			remoteInfo = GPT3;
		};
/* End PBXContainerItemProxy section */

/* Begin PBXFileReference section */
		33034FF22D4D408C007BAA25 /* ChatScreen.swift */ = {isa = PBXFileReference; lastKnownFileType = sourcecode.swift; path = ChatScreen.swift; sourceTree = "<group>"; };
		33603F462D989C5F0093894D /* GPTNavigation.swift */ = {isa = PBXFileReference; lastKnownFileType = sourcecode.swift; path = GPTNavigation.swift; sourceTree = "<group>"; };
		33603F492D9999660093894D /* LaunchScreen.swift */ = {isa = PBXFileReference; lastKnownFileType = sourcecode.swift; path = LaunchScreen.swift; sourceTree = "<group>"; };
		33603F4B2D9D18190093894D /* GeneralPaywallScreen.swift */ = {isa = PBXFileReference; lastKnownFileType = sourcecode.swift; path = GeneralPaywallScreen.swift; sourceTree = "<group>"; };
		33603F502D9DD5620093894D /* GearAnimation.json */ = {isa = PBXFileReference; lastKnownFileType = text.json; path = GearAnimation.json; sourceTree = "<group>"; };
		33603F552DB03A9B0093894D /* ChatService .swift */ = {isa = PBXFileReference; lastKnownFileType = sourcecode.swift; path = "ChatService .swift"; sourceTree = "<group>"; };
		337B43FD2D3BD4F700B06836 /* GPT3.app */ = {isa = PBXFileReference; explicitFileType = wrapper.application; includeInIndex = 0; path = GPT3.app; sourceTree = BUILT_PRODUCTS_DIR; };
		337B440D2D3BD4F800B06836 /* GPT3Tests.xctest */ = {isa = PBXFileReference; explicitFileType = wrapper.cfbundle; includeInIndex = 0; path = GPT3Tests.xctest; sourceTree = BUILT_PRODUCTS_DIR; };
		337B44172D3BD4F800B06836 /* GPT3UITests.xctest */ = {isa = PBXFileReference; explicitFileType = wrapper.cfbundle; includeInIndex = 0; path = GPT3UITests.xctest; sourceTree = BUILT_PRODUCTS_DIR; };
		337B44BC2D41564600B06836 /* Preview Assets.xcassets */ = {isa = PBXFileReference; lastKnownFileType = folder.assetcatalog; path = "Preview Assets.xcassets"; sourceTree = "<group>"; };
		337B44BE2D41564600B06836 /* Assets.xcassets */ = {isa = PBXFileReference; lastKnownFileType = folder.assetcatalog; path = Assets.xcassets; sourceTree = "<group>"; };
		337B44BF2D41564600B06836 /* ContentView.swift */ = {isa = PBXFileReference; lastKnownFileType = sourcecode.swift; path = ContentView.swift; sourceTree = "<group>"; };
		337B44C12D41564600B06836 /* GPT3App.swift */ = {isa = PBXFileReference; lastKnownFileType = sourcecode.swift; path = GPT3App.swift; sourceTree = "<group>"; };
		337B44C22D41564600B06836 /* Info.plist */ = {isa = PBXFileReference; lastKnownFileType = text.plist.xml; path = Info.plist; sourceTree = "<group>"; };
		337B44C32D41564600B06836 /* MainScreen.swift */ = {isa = PBXFileReference; lastKnownFileType = sourcecode.swift; path = MainScreen.swift; sourceTree = "<group>"; };
		337B44C82D41564600B06836 /* IntroductoryPaywallScreen.swift */ = {isa = PBXFileReference; lastKnownFileType = sourcecode.swift; path = IntroductoryPaywallScreen.swift; sourceTree = "<group>"; };
		337B44C92D41564600B06836 /* PaywallGetFullAccess.swift */ = {isa = PBXFileReference; lastKnownFileType = sourcecode.swift; path = PaywallGetFullAccess.swift; sourceTree = "<group>"; };
		337B44CA2D41564600B06836 /* PaywallSaleScreen.swift */ = {isa = PBXFileReference; lastKnownFileType = sourcecode.swift; path = PaywallSaleScreen.swift; sourceTree = "<group>"; };
		337B44DC2D41566900B06836 /* MainButton.swift */ = {isa = PBXFileReference; lastKnownFileType = sourcecode.swift; path = MainButton.swift; sourceTree = "<group>"; };
		33A11CAB2D425CD70009A287 /* BackCrossButton.swift */ = {isa = PBXFileReference; lastKnownFileType = sourcecode.swift; path = BackCrossButton.swift; sourceTree = "<group>"; };
		33A11CAF2D4261180009A287 /* BottomButtons.swift */ = {isa = PBXFileReference; lastKnownFileType = sourcecode.swift; path = BottomButtons.swift; sourceTree = "<group>"; };
		33A11CBE2D43CEF80009A287 /* Onboarding.swift */ = {isa = PBXFileReference; lastKnownFileType = sourcecode.swift; path = Onboarding.swift; sourceTree = "<group>"; };
		33B7C0272D675E1400DBCB87 /* AdaptyKeys.swift */ = {isa = PBXFileReference; lastKnownFileType = sourcecode.swift; path = AdaptyKeys.swift; sourceTree = "<group>"; };
		33B7C0302D676DBA00DBCB87 /* Fonts.swift */ = {isa = PBXFileReference; lastKnownFileType = sourcecode.swift; path = Fonts.swift; sourceTree = "<group>"; };
		33B7C0352D678AB100DBCB87 /* Extension.swift */ = {isa = PBXFileReference; lastKnownFileType = sourcecode.swift; path = Extension.swift; sourceTree = "<group>"; };
		33B7C0382D678CB300DBCB87 /* en */ = {isa = PBXFileReference; lastKnownFileType = text.plist.strings; name = en; path = en.lproj/Localizable.strings; sourceTree = "<group>"; };
		33B7C0412D709C1500DBCB87 /* GoogleService-Info.plist */ = {isa = PBXFileReference; lastKnownFileType = text.plist.xml; path = "GoogleService-Info.plist"; sourceTree = "<group>"; };
		33B7C0672D749E4600DBCB87 /* AdaptyService.swift */ = {isa = PBXFileReference; lastKnownFileType = sourcecode.swift; path = AdaptyService.swift; sourceTree = "<group>"; };
		33B7C0692D845E8400DBCB87 /* String.swift */ = {isa = PBXFileReference; lastKnownFileType = sourcecode.swift; path = String.swift; sourceTree = "<group>"; };
		33B7C06F2D85A9B100DBCB87 /* ar */ = {isa = PBXFileReference; lastKnownFileType = text.plist.strings; name = ar; path = ar.lproj/Localizable.strings; sourceTree = "<group>"; };
		33B7C0712D85AE8700DBCB87 /* zh-Hant */ = {isa = PBXFileReference; lastKnownFileType = text.plist.strings; name = "zh-Hant"; path = "zh-Hant.lproj/Localizable.strings"; sourceTree = "<group>"; };
		33B7C0722D85AE9900DBCB87 /* fr */ = {isa = PBXFileReference; lastKnownFileType = text.plist.strings; name = fr; path = fr.lproj/Localizable.strings; sourceTree = "<group>"; };
		33B7C0732D85AEAD00DBCB87 /* de */ = {isa = PBXFileReference; lastKnownFileType = text.plist.strings; name = de; path = de.lproj/Localizable.strings; sourceTree = "<group>"; };
		33B7C0742D85AEEA00DBCB87 /* hi */ = {isa = PBXFileReference; lastKnownFileType = text.plist.strings; name = hi; path = hi.lproj/Localizable.strings; sourceTree = "<group>"; };
		33B7C0752D85AF0900DBCB87 /* tr */ = {isa = PBXFileReference; lastKnownFileType = text.plist.strings; name = tr; path = tr.lproj/Localizable.strings; sourceTree = "<group>"; };
		33B7C0762D85AF0E00DBCB87 /* vi */ = {isa = PBXFileReference; lastKnownFileType = text.plist.strings; name = vi; path = vi.lproj/Localizable.strings; sourceTree = "<group>"; };
		33B7C0772D85AF1C00DBCB87 /* th */ = {isa = PBXFileReference; lastKnownFileType = text.plist.strings; name = th; path = th.lproj/Localizable.strings; sourceTree = "<group>"; };
		33B7C0782D85AF2A00DBCB87 /* es */ = {isa = PBXFileReference; lastKnownFileType = text.plist.strings; name = es; path = es.lproj/Localizable.strings; sourceTree = "<group>"; };
		33B7C0792D85AF3400DBCB87 /* ru */ = {isa = PBXFileReference; lastKnownFileType = text.plist.strings; name = ru; path = ru.lproj/Localizable.strings; sourceTree = "<group>"; };
		33B7C07A2D85AF3F00DBCB87 /* ko */ = {isa = PBXFileReference; lastKnownFileType = text.plist.strings; name = ko; path = ko.lproj/Localizable.strings; sourceTree = "<group>"; };
		33B7C07B2D85AF7D00DBCB87 /* pt-PT */ = {isa = PBXFileReference; lastKnownFileType = text.plist.strings; name = "pt-PT"; path = "pt-PT.lproj/Localizable.strings"; sourceTree = "<group>"; };
		33B7C07C2D85AF9C00DBCB87 /* ja */ = {isa = PBXFileReference; lastKnownFileType = text.plist.strings; name = ja; path = ja.lproj/Localizable.strings; sourceTree = "<group>"; };
		33B7C07D2D85AFA900DBCB87 /* it */ = {isa = PBXFileReference; lastKnownFileType = text.plist.strings; name = it; path = it.lproj/Localizable.strings; sourceTree = "<group>"; };
		33B7C07E2D85AFBA00DBCB87 /* id */ = {isa = PBXFileReference; lastKnownFileType = text.plist.strings; name = id; path = id.lproj/Localizable.strings; sourceTree = "<group>"; };
		33B7C0812D875BBD00DBCB87 /* Roboto-Black.ttf */ = {isa = PBXFileReference; lastKnownFileType = file; path = "Roboto-Black.ttf"; sourceTree = "<group>"; };
		33B7C0822D875BBD00DBCB87 /* Roboto-BlackItalic.ttf */ = {isa = PBXFileReference; lastKnownFileType = file; path = "Roboto-BlackItalic.ttf"; sourceTree = "<group>"; };
		33B7C0832D875BBD00DBCB87 /* Roboto-Bold.ttf */ = {isa = PBXFileReference; lastKnownFileType = file; path = "Roboto-Bold.ttf"; sourceTree = "<group>"; };
		33B7C0842D875BBD00DBCB87 /* Roboto-BoldItalic.ttf */ = {isa = PBXFileReference; lastKnownFileType = file; path = "Roboto-BoldItalic.ttf"; sourceTree = "<group>"; };
		33B7C0852D875BBD00DBCB87 /* Roboto-Italic.ttf */ = {isa = PBXFileReference; lastKnownFileType = file; path = "Roboto-Italic.ttf"; sourceTree = "<group>"; };
		33B7C0862D875BBD00DBCB87 /* Roboto-Light.ttf */ = {isa = PBXFileReference; lastKnownFileType = file; path = "Roboto-Light.ttf"; sourceTree = "<group>"; };
		33B7C0872D875BBD00DBCB87 /* Roboto-LightItalic.ttf */ = {isa = PBXFileReference; lastKnownFileType = file; path = "Roboto-LightItalic.ttf"; sourceTree = "<group>"; };
		33B7C0882D875BBD00DBCB87 /* Roboto-Medium.ttf */ = {isa = PBXFileReference; lastKnownFileType = file; path = "Roboto-Medium.ttf"; sourceTree = "<group>"; };
		33B7C0892D875BBD00DBCB87 /* Roboto-MediumItalic.ttf */ = {isa = PBXFileReference; lastKnownFileType = file; path = "Roboto-MediumItalic.ttf"; sourceTree = "<group>"; };
		33B7C08A2D875BBD00DBCB87 /* Roboto-Regular.ttf */ = {isa = PBXFileReference; lastKnownFileType = file; path = "Roboto-Regular.ttf"; sourceTree = "<group>"; };
		33B7C08B2D875BBD00DBCB87 /* Roboto-Thin.ttf */ = {isa = PBXFileReference; lastKnownFileType = file; path = "Roboto-Thin.ttf"; sourceTree = "<group>"; };
		33B7C08C2D875BBD00DBCB87 /* Roboto-ThinItalic.ttf */ = {isa = PBXFileReference; lastKnownFileType = file; path = "Roboto-ThinItalic.ttf"; sourceTree = "<group>"; };
		33C0C7E32DBEAF3900AD023A /* TapToClaimButton.swift */ = {isa = PBXFileReference; lastKnownFileType = sourcecode.swift; path = TapToClaimButton.swift; sourceTree = "<group>"; };
		33C1D9632D466C2500D5D99C /* SettingButton.swift */ = {isa = PBXFileReference; lastKnownFileType = sourcecode.swift; path = SettingButton.swift; sourceTree = "<group>"; };
		33C1D9652D46717000D5D99C /* SettingScreen.swift */ = {isa = PBXFileReference; lastKnownFileType = sourcecode.swift; path = SettingScreen.swift; sourceTree = "<group>"; };
		33C1D9672D46720800D5D99C /* ScrollButtons.swift */ = {isa = PBXFileReference; lastKnownFileType = sourcecode.swift; path = ScrollButtons.swift; sourceTree = "<group>"; };
		33C1D9692D46755000D5D99C /* BackSettingButton.swift */ = {isa = PBXFileReference; lastKnownFileType = sourcecode.swift; path = BackSettingButton.swift; sourceTree = "<group>"; };
		33C1D96F2D4691ED00D5D99C /* SettingChatButton.swift */ = {isa = PBXFileReference; lastKnownFileType = sourcecode.swift; path = SettingChatButton.swift; sourceTree = "<group>"; };
		33C1D9712D46970300D5D99C /* SettingBottomButtons.swift */ = {isa = PBXFileReference; lastKnownFileType = sourcecode.swift; path = SettingBottomButtons.swift; sourceTree = "<group>"; };
		33E9CB0D2D5A787700082FFD /* GlobalSettings.swift */ = {isa = PBXFileReference; lastKnownFileType = sourcecode.swift; path = GlobalSettings.swift; sourceTree = "<group>"; };
/* End PBXFileReference section */

/* Begin PBXFileSystemSynchronizedRootGroup section */
		337B44102D3BD4F800B06836 /* GPT3Tests */ = {
			isa = PBXFileSystemSynchronizedRootGroup;
			path = GPT3Tests;
			sourceTree = "<group>";
		};
		337B441A2D3BD4F800B06836 /* GPT3UITests */ = {
			isa = PBXFileSystemSynchronizedRootGroup;
			path = GPT3UITests;
			sourceTree = "<group>";
		};
/* End PBXFileSystemSynchronizedRootGroup section */

/* Begin PBXFrameworksBuildPhase section */
		337B43FA2D3BD4F700B06836 /* Frameworks */ = {
			isa = PBXFrameworksBuildPhase;
			buildActionMask = 2147483647;
			files = (
				33603F4F2D9DD38F0093894D /* Lottie in Frameworks */,
				33B7C0402D709B3800DBCB87 /* FirebaseCrashlytics in Frameworks */,
				33B7C05D2D70E0F100DBCB87 /* Adapty in Frameworks */,
				33B7C03E2D709B3800DBCB87 /* FirebaseAnalytics in Frameworks */,
				33603F542DB03A850093894D /* OpenAI in Frameworks */,
				337B44FD2D4168D300B06836 /* ComposableArchitecture in Frameworks */,
			);
			runOnlyForDeploymentPostprocessing = 0;
		};
		337B440A2D3BD4F800B06836 /* Frameworks */ = {
			isa = PBXFrameworksBuildPhase;
			buildActionMask = 2147483647;
			files = (
			);
			runOnlyForDeploymentPostprocessing = 0;
		};
		337B44142D3BD4F800B06836 /* Frameworks */ = {
			isa = PBXFrameworksBuildPhase;
			buildActionMask = 2147483647;
			files = (
			);
			runOnlyForDeploymentPostprocessing = 0;
		};
/* End PBXFrameworksBuildPhase section */

/* Begin PBXGroup section */
		33034FF12D4D407F007BAA25 /* ChatScreen */ = {
			isa = PBXGroup;
			children = (
				33034FF22D4D408C007BAA25 /* ChatScreen.swift */,
			);
			path = ChatScreen;
			sourceTree = "<group>";
		};
		33603F482D9999380093894D /* LaunchScreen */ = {
			isa = PBXGroup;
			children = (
				33603F492D9999660093894D /* LaunchScreen.swift */,
			);
			path = LaunchScreen;
			sourceTree = "<group>";
		};
		337B43F42D3BD4F700B06836 = {
			isa = PBXGroup;
			children = (
				337B44CB2D41564600B06836 /* GPT3 */,
				337B44102D3BD4F800B06836 /* GPT3Tests */,
				337B441A2D3BD4F800B06836 /* GPT3UITests */,
				337B44FB2D4168D300B06836 /* Frameworks */,
				337B43FE2D3BD4F700B06836 /* Products */,
			);
			sourceTree = "<group>";
		};
		337B43FE2D3BD4F700B06836 /* Products */ = {
			isa = PBXGroup;
			children = (
				337B43FD2D3BD4F700B06836 /* GPT3.app */,
				337B440D2D3BD4F800B06836 /* GPT3Tests.xctest */,
				337B44172D3BD4F800B06836 /* GPT3UITests.xctest */,
			);
			name = Products;
			sourceTree = "<group>";
		};
		337B44BD2D41564600B06836 /* Preview Content */ = {
			isa = PBXGroup;
			children = (
				337B44BC2D41564600B06836 /* Preview Assets.xcassets */,
			);
			path = "Preview Content";
			sourceTree = "<group>";
		};
		337B44CB2D41564600B06836 /* GPT3 */ = {
			isa = PBXGroup;
			children = (
				33603F552DB03A9B0093894D /* ChatService .swift */,
				33B7C0672D749E4600DBCB87 /* AdaptyService.swift */,
				33B7C0272D675E1400DBCB87 /* AdaptyKeys.swift */,
				33B7C0342D678A7E00DBCB87 /* Extension */,
				33B7C0322D676FA000DBCB87 /* Resources */,
				33E9CB0D2D5A787700082FFD /* GlobalSettings.swift */,
				33C1D96E2D467CFA00D5D99C /* Screens */,
				337B44DA2D41564A00B06836 /* Views */,
				337B44BD2D41564600B06836 /* Preview Content */,
				337B44BE2D41564600B06836 /* Assets.xcassets */,
				337B44BF2D41564600B06836 /* ContentView.swift */,
				337B44C12D41564600B06836 /* GPT3App.swift */,
				337B44C22D41564600B06836 /* Info.plist */,
				33B7C0412D709C1500DBCB87 /* GoogleService-Info.plist */,
				33B7C0372D678CB300DBCB87 /* Localizable.strings */,
			);
			path = GPT3;
			sourceTree = "<group>";
		};
		337B44DA2D41564A00B06836 /* Views */ = {
			isa = PBXGroup;
			children = (
				33603F462D989C5F0093894D /* GPTNavigation.swift */,
				33D599C72D50F756001CF328 /* Buttons */,
			);
			path = Views;
			sourceTree = "<group>";
		};
		337B44FB2D4168D300B06836 /* Frameworks */ = {
			isa = PBXGroup;
			children = (
			);
			name = Frameworks;
			sourceTree = "<group>";
		};
		33A11CB22D439E740009A287 /* OnboardingScreens */ = {
			isa = PBXGroup;
			children = (
				33A11CBE2D43CEF80009A287 /* Onboarding.swift */,
			);
			path = OnboardingScreens;
			sourceTree = "<group>";
		};
		33A11CB32D439E930009A287 /* PaywallScreens */ = {
			isa = PBXGroup;
			children = (
				33603F4B2D9D18190093894D /* GeneralPaywallScreen.swift */,
				337B44C82D41564600B06836 /* IntroductoryPaywallScreen.swift */,
				337B44C92D41564600B06836 /* PaywallGetFullAccess.swift */,
				337B44CA2D41564600B06836 /* PaywallSaleScreen.swift */,
			);
			path = PaywallScreens;
			sourceTree = "<group>";
		};
		33B7C02F2D676D4200DBCB87 /* Generated */ = {
			isa = PBXGroup;
			children = (
				33B7C0692D845E8400DBCB87 /* String.swift */,
				33B7C0302D676DBA00DBCB87 /* Fonts.swift */,
			);
			path = Generated;
			sourceTree = "<group>";
		};
		33B7C0322D676FA000DBCB87 /* Resources */ = {
			isa = PBXGroup;
			children = (
				33603F502D9DD5620093894D /* GearAnimation.json */,
				33B7C0332D677B8B00DBCB87 /* Fonts */,
				33B7C02F2D676D4200DBCB87 /* Generated */,
			);
			path = Resources;
			sourceTree = "<group>";
		};
		33B7C0332D677B8B00DBCB87 /* Fonts */ = {
			isa = PBXGroup;
			children = (
				33B7C0812D875BBD00DBCB87 /* Roboto-Black.ttf */,
				33B7C0822D875BBD00DBCB87 /* Roboto-BlackItalic.ttf */,
				33B7C0832D875BBD00DBCB87 /* Roboto-Bold.ttf */,
				33B7C0842D875BBD00DBCB87 /* Roboto-BoldItalic.ttf */,
				33B7C0852D875BBD00DBCB87 /* Roboto-Italic.ttf */,
				33B7C0862D875BBD00DBCB87 /* Roboto-Light.ttf */,
				33B7C0872D875BBD00DBCB87 /* Roboto-LightItalic.ttf */,
				33B7C0882D875BBD00DBCB87 /* Roboto-Medium.ttf */,
				33B7C0892D875BBD00DBCB87 /* Roboto-MediumItalic.ttf */,
				33B7C08A2D875BBD00DBCB87 /* Roboto-Regular.ttf */,
				33B7C08B2D875BBD00DBCB87 /* Roboto-Thin.ttf */,
				33B7C08C2D875BBD00DBCB87 /* Roboto-ThinItalic.ttf */,
			);
			path = Fonts;
			sourceTree = "<group>";
		};
		33B7C0342D678A7E00DBCB87 /* Extension */ = {
			isa = PBXGroup;
			children = (
				33B7C0352D678AB100DBCB87 /* Extension.swift */,
			);
			path = Extension;
			sourceTree = "<group>";
		};
		33C1D96B2D467CC000D5D99C /* MainScreen */ = {
			isa = PBXGroup;
			children = (
				337B44C32D41564600B06836 /* MainScreen.swift */,
			);
			path = MainScreen;
			sourceTree = "<group>";
		};
		33C1D96D2D467CE200D5D99C /* SettingScreen */ = {
			isa = PBXGroup;
			children = (
				33C1D9652D46717000D5D99C /* SettingScreen.swift */,
			);
			path = SettingScreen;
			sourceTree = "<group>";
		};
		33C1D96E2D467CFA00D5D99C /* Screens */ = {
			isa = PBXGroup;
			children = (
				33603F482D9999380093894D /* LaunchScreen */,
				33034FF12D4D407F007BAA25 /* ChatScreen */,
				33C1D96D2D467CE200D5D99C /* SettingScreen */,
				33C1D96B2D467CC000D5D99C /* MainScreen */,
				33A11CB32D439E930009A287 /* PaywallScreens */,
				33A11CB22D439E740009A287 /* OnboardingScreens */,
			);
			path = Screens;
			sourceTree = "<group>";
		};
		33D599C72D50F756001CF328 /* Buttons */ = {
			isa = PBXGroup;
			children = (
				33C0C7E32DBEAF3900AD023A /* TapToClaimButton.swift */,
				337B44DC2D41566900B06836 /* MainButton.swift */,
				33C1D9712D46970300D5D99C /* SettingBottomButtons.swift */,
				33C1D96F2D4691ED00D5D99C /* SettingChatButton.swift */,
				33C1D9692D46755000D5D99C /* BackSettingButton.swift */,
				33C1D9672D46720800D5D99C /* ScrollButtons.swift */,
				33C1D9632D466C2500D5D99C /* SettingButton.swift */,
				33A11CAF2D4261180009A287 /* BottomButtons.swift */,
				33A11CAB2D425CD70009A287 /* BackCrossButton.swift */,
			);
			path = Buttons;
			sourceTree = "<group>";
		};
/* End PBXGroup section */

/* Begin PBXNativeTarget section */
		337B43FC2D3BD4F700B06836 /* GPT3 */ = {
			isa = PBXNativeTarget;
			buildConfigurationList = 337B44212D3BD4F800B06836 /* Build configuration list for PBXNativeTarget "GPT3" */;
			buildPhases = (
				337B43F92D3BD4F700B06836 /* Sources */,
				337B43FA2D3BD4F700B06836 /* Frameworks */,
				337B43FB2D3BD4F700B06836 /* Resources */,
				33B7C0602D72231F00DBCB87 /* ShellScript */,
			);
			buildRules = (
			);
			dependencies = (
			);
			name = GPT3;
			packageProductDependencies = (
				337B44FC2D4168D300B06836 /* ComposableArchitecture */,
				33B7C03D2D709B3800DBCB87 /* FirebaseAnalytics */,
				33B7C03F2D709B3800DBCB87 /* FirebaseCrashlytics */,
				33B7C05C2D70E0F100DBCB87 /* Adapty */,
				33603F4E2D9DD38F0093894D /* Lottie */,
				33603F532DB03A850093894D /* OpenAI */,
			);
			productName = GPT3;
			productReference = 337B43FD2D3BD4F700B06836 /* GPT3.app */;
			productType = "com.apple.product-type.application";
		};
		337B440C2D3BD4F800B06836 /* GPT3Tests */ = {
			isa = PBXNativeTarget;
			buildConfigurationList = 337B44242D3BD4F800B06836 /* Build configuration list for PBXNativeTarget "GPT3Tests" */;
			buildPhases = (
				337B44092D3BD4F800B06836 /* Sources */,
				337B440A2D3BD4F800B06836 /* Frameworks */,
				337B440B2D3BD4F800B06836 /* Resources */,
			);
			buildRules = (
			);
			dependencies = (
				337B440F2D3BD4F800B06836 /* PBXTargetDependency */,
			);
			fileSystemSynchronizedGroups = (
				337B44102D3BD4F800B06836 /* GPT3Tests */,
			);
			name = GPT3Tests;
			packageProductDependencies = (
			);
			productName = GPT3Tests;
			productReference = 337B440D2D3BD4F800B06836 /* GPT3Tests.xctest */;
			productType = "com.apple.product-type.bundle.unit-test";
		};
		337B44162D3BD4F800B06836 /* GPT3UITests */ = {
			isa = PBXNativeTarget;
			buildConfigurationList = 337B44272D3BD4F800B06836 /* Build configuration list for PBXNativeTarget "GPT3UITests" */;
			buildPhases = (
				337B44132D3BD4F800B06836 /* Sources */,
				337B44142D3BD4F800B06836 /* Frameworks */,
				337B44152D3BD4F800B06836 /* Resources */,
			);
			buildRules = (
			);
			dependencies = (
				337B44192D3BD4F800B06836 /* PBXTargetDependency */,
			);
			fileSystemSynchronizedGroups = (
				337B441A2D3BD4F800B06836 /* GPT3UITests */,
			);
			name = GPT3UITests;
			packageProductDependencies = (
			);
			productName = GPT3UITests;
			productReference = 337B44172D3BD4F800B06836 /* GPT3UITests.xctest */;
			productType = "com.apple.product-type.bundle.ui-testing";
		};
/* End PBXNativeTarget section */

/* Begin PBXProject section */
		337B43F52D3BD4F700B06836 /* Project object */ = {
			isa = PBXProject;
			attributes = {
				BuildIndependentTargetsInParallel = 1;
				LastSwiftUpdateCheck = 1620;
				LastUpgradeCheck = 1620;
				TargetAttributes = {
					337B43FC2D3BD4F700B06836 = {
						CreatedOnToolsVersion = 16.2;
					};
					337B440C2D3BD4F800B06836 = {
						CreatedOnToolsVersion = 16.2;
						TestTargetID = 337B43FC2D3BD4F700B06836;
					};
					337B44162D3BD4F800B06836 = {
						CreatedOnToolsVersion = 16.2;
						TestTargetID = 337B43FC2D3BD4F700B06836;
					};
				};
			};
			buildConfigurationList = 337B43F82D3BD4F700B06836 /* Build configuration list for PBXProject "GPT3" */;
			developmentRegion = en;
			hasScannedForEncodings = 0;
			knownRegions = (
				en,
				Base,
				ar,
				"zh-Hant",
				fr,
				de,
				hi,
				tr,
				vi,
				th,
				es,
				ru,
				ko,
				"pt-PT",
				ja,
				it,
				id,
			);
			mainGroup = 337B43F42D3BD4F700B06836;
			minimizedProjectReferenceProxies = 1;
			packageReferences = (
				337B44622D414C4100B06836 /* XCRemoteSwiftPackageReference "swift-composable-architecture" */,
				33B7C03C2D709B3800DBCB87 /* XCRemoteSwiftPackageReference "firebase-ios-sdk" */,
				33B7C05B2D70E0F100DBCB87 /* XCRemoteSwiftPackageReference "AdaptySDK-iOS" */,
				33603F4D2D9DD38F0093894D /* XCRemoteSwiftPackageReference "lottie-ios" */,
				33603F522DAD445D0093894D /* XCRemoteSwiftPackageReference "OpenAI" */,
			);
			preferredProjectObjectVersion = 77;
			productRefGroup = 337B43FE2D3BD4F700B06836 /* Products */;
			projectDirPath = "";
			projectRoot = "";
			targets = (
				337B43FC2D3BD4F700B06836 /* GPT3 */,
				337B440C2D3BD4F800B06836 /* GPT3Tests */,
				337B44162D3BD4F800B06836 /* GPT3UITests */,
			);
		};
/* End PBXProject section */

/* Begin PBXResourcesBuildPhase section */
		337B43FB2D3BD4F700B06836 /* Resources */ = {
			isa = PBXResourcesBuildPhase;
			buildActionMask = 2147483647;
			files = (
				337B44CC2D41564600B06836 /* Preview Assets.xcassets in Resources */,
				33B7C0422D709C1500DBCB87 /* GoogleService-Info.plist in Resources */,
				33B7C0392D678CB300DBCB87 /* Localizable.strings in Resources */,
				337B44CD2D41564600B06836 /* Assets.xcassets in Resources */,
				33B7C08D2D875BBD00DBCB87 /* Roboto-BoldItalic.ttf in Resources */,
				33B7C08E2D875BBD00DBCB87 /* Roboto-Italic.ttf in Resources */,
				33B7C08F2D875BBD00DBCB87 /* Roboto-Light.ttf in Resources */,
				33B7C0902D875BBD00DBCB87 /* Roboto-Medium.ttf in Resources */,
				33B7C0912D875BBD00DBCB87 /* Roboto-Regular.ttf in Resources */,
				33B7C0922D875BBD00DBCB87 /* Roboto-ThinItalic.ttf in Resources */,
				33603F512D9DD5620093894D /* GearAnimation.json in Resources */,
				33B7C0932D875BBD00DBCB87 /* Roboto-Bold.ttf in Resources */,
				33B7C0942D875BBD00DBCB87 /* Roboto-LightItalic.ttf in Resources */,
				33B7C0952D875BBD00DBCB87 /* Roboto-Thin.ttf in Resources */,
				33B7C0962D875BBD00DBCB87 /* Roboto-Black.ttf in Resources */,
				33B7C0972D875BBD00DBCB87 /* Roboto-BlackItalic.ttf in Resources */,
				33B7C0982D875BBD00DBCB87 /* Roboto-MediumItalic.ttf in Resources */,
			);
			runOnlyForDeploymentPostprocessing = 0;
		};
		337B440B2D3BD4F800B06836 /* Resources */ = {
			isa = PBXResourcesBuildPhase;
			buildActionMask = 2147483647;
			files = (
			);
			runOnlyForDeploymentPostprocessing = 0;
		};
		337B44152D3BD4F800B06836 /* Resources */ = {
			isa = PBXResourcesBuildPhase;
			buildActionMask = 2147483647;
			files = (
			);
			runOnlyForDeploymentPostprocessing = 0;
		};
/* End PBXResourcesBuildPhase section */

/* Begin PBXShellScriptBuildPhase section */
		33B7C0602D72231F00DBCB87 /* ShellScript */ = {
			isa = PBXShellScriptBuildPhase;
			buildActionMask = 8;
			files = (
			);
			inputFileListPaths = (
			);
			inputPaths = (
				"${DWARF_DSYM_FOLDER_PATH}/${DWARF_DSYM_FILE_NAME}/Contents/Resources/DWARF/${TARGET_NAME}",
			);
			outputFileListPaths = (
			);
			outputPaths = (
			);
			runOnlyForDeploymentPostprocessing = 1;
			shellPath = /bin/sh;
			shellScript = "find \"${BUILT_PRODUCTS_DIR}\" -name \"*.dSYM\" | xargs -I \\{\\} \"${BUILD_DIR%Build/*}/SourcePackages/checkouts/firebase-ios-sdk/Crashlytics/upload-symbols\" -gsp \"${SRCROOT}/GPT3/GoogleService-Info.plist\" -p ios \\{\\}\n\n";
		};
/* End PBXShellScriptBuildPhase section */

/* Begin PBXSourcesBuildPhase section */
		337B43F92D3BD4F700B06836 /* Sources */ = {
			isa = PBXSourcesBuildPhase;
			buildActionMask = 2147483647;
			files = (
				337B44CF2D41564600B06836 /* ContentView.swift in Sources */,
				33C1D96A2D4675B300D5D99C /* BackSettingButton.swift in Sources */,
				337B44D12D41564600B06836 /* GPT3App.swift in Sources */,
				33C0C7E42DBEAF5300AD023A /* TapToClaimButton.swift in Sources */,
				33603F562DB03AA30093894D /* ChatService .swift in Sources */,
				337B44D22D41564600B06836 /* MainScreen.swift in Sources */,
				33A11CB02D4261300009A287 /* BottomButtons.swift in Sources */,
				33A11CAC2D425CE70009A287 /* BackCrossButton.swift in Sources */,
				33B7C06A2D845E8A00DBCB87 /* String.swift in Sources */,
				33034FF32D4D409A007BAA25 /* ChatScreen.swift in Sources */,
				33C1D9722D46971D00D5D99C /* SettingBottomButtons.swift in Sources */,
				337B44DD2D41567700B06836 /* MainButton.swift in Sources */,
				33603F472D989C790093894D /* GPTNavigation.swift in Sources */,
				33603F4C2D9D18250093894D /* GeneralPaywallScreen.swift in Sources */,
				33B7C0362D678AB700DBCB87 /* Extension.swift in Sources */,
				33C1D9662D46717700D5D99C /* SettingScreen.swift in Sources */,
				337B44D72D41564600B06836 /* IntroductoryPaywallScreen.swift in Sources */,
				33E9CB0E2D5A788600082FFD /* GlobalSettings.swift in Sources */,
				33B7C0282D675E2100DBCB87 /* AdaptyKeys.swift in Sources */,
				33C1D9642D466C3100D5D99C /* SettingButton.swift in Sources */,
				33C1D9682D46721200D5D99C /* ScrollButtons.swift in Sources */,
				33C1D9702D46922000D5D99C /* SettingChatButton.swift in Sources */,
				33B7C0312D676DBC00DBCB87 /* Fonts.swift in Sources */,
				33B7C0682D749E5300DBCB87 /* AdaptyService.swift in Sources */,
				33A11CBF2D43CF180009A287 /* Onboarding.swift in Sources */,
				33603F4A2D9999700093894D /* LaunchScreen.swift in Sources */,
				337B44D82D41564600B06836 /* PaywallGetFullAccess.swift in Sources */,
				337B44D92D41564600B06836 /* PaywallSaleScreen.swift in Sources */,
			);
			runOnlyForDeploymentPostprocessing = 0;
		};
		337B44092D3BD4F800B06836 /* Sources */ = {
			isa = PBXSourcesBuildPhase;
			buildActionMask = 2147483647;
			files = (
			);
			runOnlyForDeploymentPostprocessing = 0;
		};
		337B44132D3BD4F800B06836 /* Sources */ = {
			isa = PBXSourcesBuildPhase;
			buildActionMask = 2147483647;
			files = (
			);
			runOnlyForDeploymentPostprocessing = 0;
		};
/* End PBXSourcesBuildPhase section */

/* Begin PBXTargetDependency section */
		337B440F2D3BD4F800B06836 /* PBXTargetDependency */ = {
			isa = PBXTargetDependency;
			target = 337B43FC2D3BD4F700B06836 /* GPT3 */;
			targetProxy = 337B440E2D3BD4F800B06836 /* PBXContainerItemProxy */;
		};
		337B44192D3BD4F800B06836 /* PBXTargetDependency */ = {
			isa = PBXTargetDependency;
			target = 337B43FC2D3BD4F700B06836 /* GPT3 */;
			targetProxy = 337B44182D3BD4F800B06836 /* PBXContainerItemProxy */;
		};
/* End PBXTargetDependency section */

/* Begin PBXVariantGroup section */
		33B7C0372D678CB300DBCB87 /* Localizable.strings */ = {
			isa = PBXVariantGroup;
			children = (
				33B7C0382D678CB300DBCB87 /* en */,
				33B7C06F2D85A9B100DBCB87 /* ar */,
				33B7C0712D85AE8700DBCB87 /* zh-Hant */,
				33B7C0722D85AE9900DBCB87 /* fr */,
				33B7C0732D85AEAD00DBCB87 /* de */,
				33B7C0742D85AEEA00DBCB87 /* hi */,
				33B7C0752D85AF0900DBCB87 /* tr */,
				33B7C0762D85AF0E00DBCB87 /* vi */,
				33B7C0772D85AF1C00DBCB87 /* th */,
				33B7C0782D85AF2A00DBCB87 /* es */,
				33B7C0792D85AF3400DBCB87 /* ru */,
				33B7C07A2D85AF3F00DBCB87 /* ko */,
				33B7C07B2D85AF7D00DBCB87 /* pt-PT */,
				33B7C07C2D85AF9C00DBCB87 /* ja */,
				33B7C07D2D85AFA900DBCB87 /* it */,
				33B7C07E2D85AFBA00DBCB87 /* id */,
			);
			name = Localizable.strings;
			sourceTree = "<group>";
		};
/* End PBXVariantGroup section */

/* Begin XCBuildConfiguration section */
		337B441F2D3BD4F800B06836 /* Debug */ = {
			isa = XCBuildConfiguration;
			buildSettings = {
				ALWAYS_SEARCH_USER_PATHS = NO;
				ASSETCATALOG_COMPILER_GENERATE_SWIFT_ASSET_SYMBOL_EXTENSIONS = YES;
				CLANG_ANALYZER_LOCALIZABILITY_NONLOCALIZED = YES;
				CLANG_ANALYZER_NONNULL = YES;
				CLANG_ANALYZER_NUMBER_OBJECT_CONVERSION = YES_AGGRESSIVE;
				CLANG_CXX_LANGUAGE_STANDARD = "gnu++20";
				CLANG_ENABLE_MODULES = YES;
				CLANG_ENABLE_OBJC_ARC = YES;
				CLANG_ENABLE_OBJC_WEAK = YES;
				CLANG_WARN_BLOCK_CAPTURE_AUTORELEASING = YES;
				CLANG_WARN_BOOL_CONVERSION = YES;
				CLANG_WARN_COMMA = YES;
				CLANG_WARN_CONSTANT_CONVERSION = YES;
				CLANG_WARN_DEPRECATED_OBJC_IMPLEMENTATIONS = YES;
				CLANG_WARN_DIRECT_OBJC_ISA_USAGE = YES_ERROR;
				CLANG_WARN_DOCUMENTATION_COMMENTS = YES;
				CLANG_WARN_EMPTY_BODY = YES;
				CLANG_WARN_ENUM_CONVERSION = YES;
				CLANG_WARN_INFINITE_RECURSION = YES;
				CLANG_WARN_INT_CONVERSION = YES;
				CLANG_WARN_NON_LITERAL_NULL_CONVERSION = YES;
				CLANG_WARN_OBJC_IMPLICIT_RETAIN_SELF = YES;
				CLANG_WARN_OBJC_LITERAL_CONVERSION = YES;
				CLANG_WARN_OBJC_ROOT_CLASS = YES_ERROR;
				CLANG_WARN_QUOTED_INCLUDE_IN_FRAMEWORK_HEADER = YES;
				CLANG_WARN_RANGE_LOOP_ANALYSIS = YES;
				CLANG_WARN_STRICT_PROTOTYPES = YES;
				CLANG_WARN_SUSPICIOUS_MOVE = YES;
				CLANG_WARN_UNGUARDED_AVAILABILITY = YES_AGGRESSIVE;
				CLANG_WARN_UNREACHABLE_CODE = YES;
				CLANG_WARN__DUPLICATE_METHOD_MATCH = YES;
				COPY_PHASE_STRIP = NO;
				DEBUG_INFORMATION_FORMAT = dwarf;
				ENABLE_STRICT_OBJC_MSGSEND = YES;
				ENABLE_TESTABILITY = YES;
				ENABLE_USER_SCRIPT_SANDBOXING = YES;
				GCC_C_LANGUAGE_STANDARD = gnu17;
				GCC_DYNAMIC_NO_PIC = NO;
				GCC_NO_COMMON_BLOCKS = YES;
				GCC_OPTIMIZATION_LEVEL = 0;
				GCC_PREPROCESSOR_DEFINITIONS = (
					"DEBUG=1",
					"$(inherited)",
				);
				GCC_WARN_64_TO_32_BIT_CONVERSION = YES;
				GCC_WARN_ABOUT_RETURN_TYPE = YES_ERROR;
				GCC_WARN_UNDECLARED_SELECTOR = YES;
				GCC_WARN_UNINITIALIZED_AUTOS = YES_AGGRESSIVE;
				GCC_WARN_UNUSED_FUNCTION = YES;
				GCC_WARN_UNUSED_VARIABLE = YES;
				IPHONEOS_DEPLOYMENT_TARGET = 18.2;
				LOCALIZATION_PREFERS_STRING_CATALOGS = YES;
				MTL_ENABLE_DEBUG_INFO = INCLUDE_SOURCE;
				MTL_FAST_MATH = YES;
				ONLY_ACTIVE_ARCH = YES;
				SDKROOT = iphoneos;
				SWIFT_ACTIVE_COMPILATION_CONDITIONS = "DEBUG $(inherited)";
				SWIFT_OPTIMIZATION_LEVEL = "-Onone";
			};
			name = Debug;
		};
		337B44202D3BD4F800B06836 /* Release */ = {
			isa = XCBuildConfiguration;
			buildSettings = {
				ALWAYS_SEARCH_USER_PATHS = NO;
				ASSETCATALOG_COMPILER_GENERATE_SWIFT_ASSET_SYMBOL_EXTENSIONS = YES;
				CLANG_ANALYZER_LOCALIZABILITY_NONLOCALIZED = YES;
				CLANG_ANALYZER_NONNULL = YES;
				CLANG_ANALYZER_NUMBER_OBJECT_CONVERSION = YES_AGGRESSIVE;
				CLANG_CXX_LANGUAGE_STANDARD = "gnu++20";
				CLANG_ENABLE_MODULES = YES;
				CLANG_ENABLE_OBJC_ARC = YES;
				CLANG_ENABLE_OBJC_WEAK = YES;
				CLANG_WARN_BLOCK_CAPTURE_AUTORELEASING = YES;
				CLANG_WARN_BOOL_CONVERSION = YES;
				CLANG_WARN_COMMA = YES;
				CLANG_WARN_CONSTANT_CONVERSION = YES;
				CLANG_WARN_DEPRECATED_OBJC_IMPLEMENTATIONS = YES;
				CLANG_WARN_DIRECT_OBJC_ISA_USAGE = YES_ERROR;
				CLANG_WARN_DOCUMENTATION_COMMENTS = YES;
				CLANG_WARN_EMPTY_BODY = YES;
				CLANG_WARN_ENUM_CONVERSION = YES;
				CLANG_WARN_INFINITE_RECURSION = YES;
				CLANG_WARN_INT_CONVERSION = YES;
				CLANG_WARN_NON_LITERAL_NULL_CONVERSION = YES;
				CLANG_WARN_OBJC_IMPLICIT_RETAIN_SELF = YES;
				CLANG_WARN_OBJC_LITERAL_CONVERSION = YES;
				CLANG_WARN_OBJC_ROOT_CLASS = YES_ERROR;
				CLANG_WARN_QUOTED_INCLUDE_IN_FRAMEWORK_HEADER = YES;
				CLANG_WARN_RANGE_LOOP_ANALYSIS = YES;
				CLANG_WARN_STRICT_PROTOTYPES = YES;
				CLANG_WARN_SUSPICIOUS_MOVE = YES;
				CLANG_WARN_UNGUARDED_AVAILABILITY = YES_AGGRESSIVE;
				CLANG_WARN_UNREACHABLE_CODE = YES;
				CLANG_WARN__DUPLICATE_METHOD_MATCH = YES;
				COPY_PHASE_STRIP = NO;
				DEBUG_INFORMATION_FORMAT = "dwarf-with-dsym";
				ENABLE_NS_ASSERTIONS = NO;
				ENABLE_STRICT_OBJC_MSGSEND = YES;
				ENABLE_USER_SCRIPT_SANDBOXING = YES;
				GCC_C_LANGUAGE_STANDARD = gnu17;
				GCC_NO_COMMON_BLOCKS = YES;
				GCC_WARN_64_TO_32_BIT_CONVERSION = YES;
				GCC_WARN_ABOUT_RETURN_TYPE = YES_ERROR;
				GCC_WARN_UNDECLARED_SELECTOR = YES;
				GCC_WARN_UNINITIALIZED_AUTOS = YES_AGGRESSIVE;
				GCC_WARN_UNUSED_FUNCTION = YES;
				GCC_WARN_UNUSED_VARIABLE = YES;
				IPHONEOS_DEPLOYMENT_TARGET = 18.2;
				LOCALIZATION_PREFERS_STRING_CATALOGS = YES;
				MTL_ENABLE_DEBUG_INFO = NO;
				MTL_FAST_MATH = YES;
				SDKROOT = iphoneos;
				SWIFT_COMPILATION_MODE = wholemodule;
				VALIDATE_PRODUCT = YES;
			};
			name = Release;
		};
		337B44222D3BD4F800B06836 /* Debug */ = {
			isa = XCBuildConfiguration;
			buildSettings = {
				ASSETCATALOG_COMPILER_APPICON_NAME = AppIcon;
				ASSETCATALOG_COMPILER_GLOBAL_ACCENT_COLOR_NAME = AccentColor;
				CODE_SIGN_STYLE = Automatic;
				CURRENT_PROJECT_VERSION = 1;
				DEVELOPMENT_ASSET_PATHS = "\"GPT3/Preview Content\"";
				DEVELOPMENT_TEAM = 78P3HKNKDU;
				ENABLE_PREVIEWS = YES;
				GENERATE_INFOPLIST_FILE = YES;
				INFOPLIST_FILE = GPT3/Info.plist;
				INFOPLIST_KEY_UIApplicationSceneManifest_Generation = YES;
				INFOPLIST_KEY_UIApplicationSupportsIndirectInputEvents = YES;
				INFOPLIST_KEY_UISupportedInterfaceOrientations_iPad = "UIInterfaceOrientationPortrait UIInterfaceOrientationPortraitUpsideDown UIInterfaceOrientationLandscapeLeft UIInterfaceOrientationLandscapeRight";
				INFOPLIST_KEY_UISupportedInterfaceOrientations_iPhone = "UIInterfaceOrientationPortrait UIInterfaceOrientationLandscapeLeft UIInterfaceOrientationLandscapeRight";
				IPHONEOS_DEPLOYMENT_TARGET = 17.0;
				LD_RUNPATH_SEARCH_PATHS = (
					"$(inherited)",
					"@executable_path/Frameworks",
				);
				MARKETING_VERSION = 1.0;
				PRODUCT_BUNDLE_IDENTIFIER = by.KazimirKozulia.GPT3;
				PRODUCT_NAME = "$(TARGET_NAME)";
				SWIFT_EMIT_LOC_STRINGS = YES;
				SWIFT_VERSION = 5.0;
				TARGETED_DEVICE_FAMILY = "1,2";
			};
			name = Debug;
		};
		337B44232D3BD4F800B06836 /* Release */ = {
			isa = XCBuildConfiguration;
			buildSettings = {
				ASSETCATALOG_COMPILER_APPICON_NAME = AppIcon;
				ASSETCATALOG_COMPILER_GLOBAL_ACCENT_COLOR_NAME = AccentColor;
				CODE_SIGN_STYLE = Automatic;
				CURRENT_PROJECT_VERSION = 1;
				DEVELOPMENT_ASSET_PATHS = "\"GPT3/Preview Content\"";
				DEVELOPMENT_TEAM = 78P3HKNKDU;
				ENABLE_PREVIEWS = YES;
				GENERATE_INFOPLIST_FILE = YES;
				INFOPLIST_FILE = GPT3/Info.plist;
				INFOPLIST_KEY_UIApplicationSceneManifest_Generation = YES;
				INFOPLIST_KEY_UIApplicationSupportsIndirectInputEvents = YES;
				INFOPLIST_KEY_UISupportedInterfaceOrientations_iPad = "UIInterfaceOrientationPortrait UIInterfaceOrientationPortraitUpsideDown UIInterfaceOrientationLandscapeLeft UIInterfaceOrientationLandscapeRight";
				INFOPLIST_KEY_UISupportedInterfaceOrientations_iPhone = "UIInterfaceOrientationPortrait UIInterfaceOrientationLandscapeLeft UIInterfaceOrientationLandscapeRight";
				IPHONEOS_DEPLOYMENT_TARGET = 17.0;
				LD_RUNPATH_SEARCH_PATHS = (
					"$(inherited)",
					"@executable_path/Frameworks",
				);
				MARKETING_VERSION = 1.0;
				PRODUCT_BUNDLE_IDENTIFIER = by.KazimirKozulia.GPT3;
				PRODUCT_NAME = "$(TARGET_NAME)";
				SWIFT_EMIT_LOC_STRINGS = YES;
				SWIFT_VERSION = 5.0;
				TARGETED_DEVICE_FAMILY = "1,2";
			};
			name = Release;
		};
		337B44252D3BD4F800B06836 /* Debug */ = {
			isa = XCBuildConfiguration;
			buildSettings = {
				BUNDLE_LOADER = "$(TEST_HOST)";
				CODE_SIGN_STYLE = Automatic;
				CURRENT_PROJECT_VERSION = 1;
				GENERATE_INFOPLIST_FILE = YES;
				IPHONEOS_DEPLOYMENT_TARGET = 18.2;
				MARKETING_VERSION = 1.0;
				PRODUCT_BUNDLE_IDENTIFIER = by.KazimirKozulia.GPT3Tests;
				PRODUCT_NAME = "$(TARGET_NAME)";
				SWIFT_EMIT_LOC_STRINGS = NO;
				SWIFT_VERSION = 5.0;
				TARGETED_DEVICE_FAMILY = "1,2";
				TEST_HOST = "$(BUILT_PRODUCTS_DIR)/GPT3.app/$(BUNDLE_EXECUTABLE_FOLDER_PATH)/GPT3";
			};
			name = Debug;
		};
		337B44262D3BD4F800B06836 /* Release */ = {
			isa = XCBuildConfiguration;
			buildSettings = {
				BUNDLE_LOADER = "$(TEST_HOST)";
				CODE_SIGN_STYLE = Automatic;
				CURRENT_PROJECT_VERSION = 1;
				GENERATE_INFOPLIST_FILE = YES;
				IPHONEOS_DEPLOYMENT_TARGET = 18.2;
				MARKETING_VERSION = 1.0;
				PRODUCT_BUNDLE_IDENTIFIER = by.KazimirKozulia.GPT3Tests;
				PRODUCT_NAME = "$(TARGET_NAME)";
				SWIFT_EMIT_LOC_STRINGS = NO;
				SWIFT_VERSION = 5.0;
				TARGETED_DEVICE_FAMILY = "1,2";
				TEST_HOST = "$(BUILT_PRODUCTS_DIR)/GPT3.app/$(BUNDLE_EXECUTABLE_FOLDER_PATH)/GPT3";
			};
			name = Release;
		};
		337B44282D3BD4F800B06836 /* Debug */ = {
			isa = XCBuildConfiguration;
			buildSettings = {
				CODE_SIGN_STYLE = Automatic;
				CURRENT_PROJECT_VERSION = 1;
				GENERATE_INFOPLIST_FILE = YES;
				MARKETING_VERSION = 1.0;
				PRODUCT_BUNDLE_IDENTIFIER = by.KazimirKozulia.GPT3UITests;
				PRODUCT_NAME = "$(TARGET_NAME)";
				SWIFT_EMIT_LOC_STRINGS = NO;
				SWIFT_VERSION = 5.0;
				TARGETED_DEVICE_FAMILY = "1,2";
				TEST_TARGET_NAME = GPT3;
			};
			name = Debug;
		};
		337B44292D3BD4F800B06836 /* Release */ = {
			isa = XCBuildConfiguration;
			buildSettings = {
				CODE_SIGN_STYLE = Automatic;
				CURRENT_PROJECT_VERSION = 1;
				GENERATE_INFOPLIST_FILE = YES;
				MARKETING_VERSION = 1.0;
				PRODUCT_BUNDLE_IDENTIFIER = by.KazimirKozulia.GPT3UITests;
				PRODUCT_NAME = "$(TARGET_NAME)";
				SWIFT_EMIT_LOC_STRINGS = NO;
				SWIFT_VERSION = 5.0;
				TARGETED_DEVICE_FAMILY = "1,2";
				TEST_TARGET_NAME = GPT3;
			};
			name = Release;
		};
/* End XCBuildConfiguration section */

/* Begin XCConfigurationList section */
		337B43F82D3BD4F700B06836 /* Build configuration list for PBXProject "GPT3" */ = {
			isa = XCConfigurationList;
			buildConfigurations = (
				337B441F2D3BD4F800B06836 /* Debug */,
				337B44202D3BD4F800B06836 /* Release */,
			);
			defaultConfigurationIsVisible = 0;
			defaultConfigurationName = Release;
		};
		337B44212D3BD4F800B06836 /* Build configuration list for PBXNativeTarget "GPT3" */ = {
			isa = XCConfigurationList;
			buildConfigurations = (
				337B44222D3BD4F800B06836 /* Debug */,
				337B44232D3BD4F800B06836 /* Release */,
			);
			defaultConfigurationIsVisible = 0;
			defaultConfigurationName = Release;
		};
		337B44242D3BD4F800B06836 /* Build configuration list for PBXNativeTarget "GPT3Tests" */ = {
			isa = XCConfigurationList;
			buildConfigurations = (
				337B44252D3BD4F800B06836 /* Debug */,
				337B44262D3BD4F800B06836 /* Release */,
			);
			defaultConfigurationIsVisible = 0;
			defaultConfigurationName = Release;
		};
		337B44272D3BD4F800B06836 /* Build configuration list for PBXNativeTarget "GPT3UITests" */ = {
			isa = XCConfigurationList;
			buildConfigurations = (
				337B44282D3BD4F800B06836 /* Debug */,
				337B44292D3BD4F800B06836 /* Release */,
			);
			defaultConfigurationIsVisible = 0;
			defaultConfigurationName = Release;
		};
/* End XCConfigurationList section */

/* Begin XCRemoteSwiftPackageReference section */
		33603F4D2D9DD38F0093894D /* XCRemoteSwiftPackageReference "lottie-ios" */ = {
			isa = XCRemoteSwiftPackageReference;
			repositoryURL = "https://github.com/airbnb/lottie-ios.git";
			requirement = {
				kind = upToNextMajorVersion;
				minimumVersion = 4.5.1;
			};
		};
		33603F522DAD445D0093894D /* XCRemoteSwiftPackageReference "OpenAI" */ = {
			isa = XCRemoteSwiftPackageReference;
			repositoryURL = "https://github.com/MacPaw/OpenAI.git";
			requirement = {
				kind = upToNextMajorVersion;
				minimumVersion = 0.4.1;
			};
		};
		337B44622D414C4100B06836 /* XCRemoteSwiftPackageReference "swift-composable-architecture" */ = {
			isa = XCRemoteSwiftPackageReference;
			repositoryURL = "https://github.com/pointfreeco/swift-composable-architecture";
			requirement = {
				kind = upToNextMajorVersion;
				minimumVersion = 1.17.1;
			};
		};
		33B7C03C2D709B3800DBCB87 /* XCRemoteSwiftPackageReference "firebase-ios-sdk" */ = {
			isa = XCRemoteSwiftPackageReference;
			repositoryURL = "https://github.com/firebase/firebase-ios-sdk";
			requirement = {
				kind = upToNextMajorVersion;
				minimumVersion = 11.9.0;
			};
		};
		33B7C05B2D70E0F100DBCB87 /* XCRemoteSwiftPackageReference "AdaptySDK-iOS" */ = {
			isa = XCRemoteSwiftPackageReference;
			repositoryURL = "https://github.com/adaptyteam/AdaptySDK-iOS.git";
			requirement = {
				kind = upToNextMajorVersion;
				minimumVersion = 3.3.6;
			};
		};
/* End XCRemoteSwiftPackageReference section */

/* Begin XCSwiftPackageProductDependency section */
		33603F4E2D9DD38F0093894D /* Lottie */ = {
			isa = XCSwiftPackageProductDependency;
			package = 33603F4D2D9DD38F0093894D /* XCRemoteSwiftPackageReference "lottie-ios" */;
			productName = Lottie;
		};
		33603F532DB03A850093894D /* OpenAI */ = {
			isa = XCSwiftPackageProductDependency;
			package = 33603F522DAD445D0093894D /* XCRemoteSwiftPackageReference "OpenAI" */;
			productName = OpenAI;
		};
		337B44FC2D4168D300B06836 /* ComposableArchitecture */ = {
			isa = XCSwiftPackageProductDependency;
			package = 337B44622D414C4100B06836 /* XCRemoteSwiftPackageReference "swift-composable-architecture" */;
			productName = ComposableArchitecture;
		};
		33B7C03D2D709B3800DBCB87 /* FirebaseAnalytics */ = {
			isa = XCSwiftPackageProductDependency;
			package = 33B7C03C2D709B3800DBCB87 /* XCRemoteSwiftPackageReference "firebase-ios-sdk" */;
			productName = FirebaseAnalytics;
		};
		33B7C03F2D709B3800DBCB87 /* FirebaseCrashlytics */ = {
			isa = XCSwiftPackageProductDependency;
			package = 33B7C03C2D709B3800DBCB87 /* XCRemoteSwiftPackageReference "firebase-ios-sdk" */;
			productName = FirebaseCrashlytics;
		};
		33B7C05C2D70E0F100DBCB87 /* Adapty */ = {
			isa = XCSwiftPackageProductDependency;
			package = 33B7C05B2D70E0F100DBCB87 /* XCRemoteSwiftPackageReference "AdaptySDK-iOS" */;
			productName = Adapty;
		};
/* End XCSwiftPackageProductDependency section */
	};
	rootObject = 337B43F52D3BD4F700B06836 /* Project object */;
}
